// !$*UTF8*$!
{
	archiveVersion = 1;
	classes = {
	};
	objectVersion = 55;
	objects = {

/* Begin PBXBuildFile section */
		3F88F725281BCC0C002FBB25 /* Domain.framework in Frameworks */ = {isa = PBXBuildFile; fileRef = 3F88F71A281BCC0C002FBB25 /* Domain.framework */; };
		3F88F72A281BCC0C002FBB25 /* DomainTests.swift in Sources */ = {isa = PBXBuildFile; fileRef = 3F88F729281BCC0C002FBB25 /* DomainTests.swift */; };
		3F88F72B281BCC0C002FBB25 /* Domain.h in Headers */ = {isa = PBXBuildFile; fileRef = 3F88F71D281BCC0C002FBB25 /* Domain.h */; settings = {ATTRIBUTES = (Public, ); }; };
		3F88F737281BCC87002FBB25 /* Chat.swift in Sources */ = {isa = PBXBuildFile; fileRef = 3F88F736281BCC87002FBB25 /* Chat.swift */; };
		3F88F739281BCCAA002FBB25 /* UserInfo.swift in Sources */ = {isa = PBXBuildFile; fileRef = 3F88F738281BCCAA002FBB25 /* UserInfo.swift */; };
		3F88F73B281BCCE5002FBB25 /* UsecaseProvider.swift in Sources */ = {isa = PBXBuildFile; fileRef = 3F88F73A281BCCE5002FBB25 /* UsecaseProvider.swift */; };
		3F88F73D281BCD23002FBB25 /* ChatsUsecase.swift in Sources */ = {isa = PBXBuildFile; fileRef = 3F88F73C281BCD23002FBB25 /* ChatsUsecase.swift */; };
		3F88F740281BCD6A002FBB25 /* RxSwift in Frameworks */ = {isa = PBXBuildFile; productRef = 3F88F73F281BCD6A002FBB25 /* RxSwift */; };
/* End PBXBuildFile section */

/* Begin PBXContainerItemProxy section */
		3F88F726281BCC0C002FBB25 /* PBXContainerItemProxy */ = {
			isa = PBXContainerItemProxy;
			containerPortal = 3F88F711281BCC0C002FBB25 /* Project object */;
			proxyType = 1;
			remoteGlobalIDString = 3F88F719281BCC0C002FBB25;
			remoteInfo = Domain;
		};
/* End PBXContainerItemProxy section */

/* Begin PBXFileReference section */
		3F88F71A281BCC0C002FBB25 /* Domain.framework */ = {isa = PBXFileReference; explicitFileType = wrapper.framework; includeInIndex = 0; path = Domain.framework; sourceTree = BUILT_PRODUCTS_DIR; };
		3F88F71D281BCC0C002FBB25 /* Domain.h */ = {isa = PBXFileReference; lastKnownFileType = sourcecode.c.h; path = Domain.h; sourceTree = "<group>"; };
		3F88F724281BCC0C002FBB25 /* DomainTests.xctest */ = {isa = PBXFileReference; explicitFileType = wrapper.cfbundle; includeInIndex = 0; path = DomainTests.xctest; sourceTree = BUILT_PRODUCTS_DIR; };
		3F88F729281BCC0C002FBB25 /* DomainTests.swift */ = {isa = PBXFileReference; lastKnownFileType = sourcecode.swift; path = DomainTests.swift; sourceTree = "<group>"; };
		3F88F736281BCC87002FBB25 /* Chat.swift */ = {isa = PBXFileReference; lastKnownFileType = sourcecode.swift; path = Chat.swift; sourceTree = "<group>"; };
		3F88F738281BCCAA002FBB25 /* UserInfo.swift */ = {isa = PBXFileReference; lastKnownFileType = sourcecode.swift; path = UserInfo.swift; sourceTree = "<group>"; };
		3F88F73A281BCCE5002FBB25 /* UsecaseProvider.swift */ = {isa = PBXFileReference; lastKnownFileType = sourcecode.swift; path = UsecaseProvider.swift; sourceTree = "<group>"; };
		3F88F73C281BCD23002FBB25 /* ChatsUsecase.swift */ = {isa = PBXFileReference; lastKnownFileType = sourcecode.swift; path = ChatsUsecase.swift; sourceTree = "<group>"; };
/* End PBXFileReference section */

/* Begin PBXFrameworksBuildPhase section */
		3F88F717281BCC0C002FBB25 /* Frameworks */ = {
			isa = PBXFrameworksBuildPhase;
			buildActionMask = 2147483647;
			files = (
				3F88F740281BCD6A002FBB25 /* RxSwift in Frameworks */,
			);
			runOnlyForDeploymentPostprocessing = 0;
		};
		3F88F721281BCC0C002FBB25 /* Frameworks */ = {
			isa = PBXFrameworksBuildPhase;
			buildActionMask = 2147483647;
			files = (
				3F88F725281BCC0C002FBB25 /* Domain.framework in Frameworks */,
			);
			runOnlyForDeploymentPostprocessing = 0;
		};
/* End PBXFrameworksBuildPhase section */

/* Begin PBXGroup section */
		3F88F710281BCC0C002FBB25 = {
			isa = PBXGroup;
			children = (
				3F88F71C281BCC0C002FBB25 /* Domain */,
				3F88F728281BCC0C002FBB25 /* DomainTests */,
				3F88F71B281BCC0C002FBB25 /* Products */,
			);
			sourceTree = "<group>";
		};
		3F88F71B281BCC0C002FBB25 /* Products */ = {
			isa = PBXGroup;
			children = (
				3F88F71A281BCC0C002FBB25 /* Domain.framework */,
				3F88F724281BCC0C002FBB25 /* DomainTests.xctest */,
			);
			name = Products;
			sourceTree = "<group>";
		};
		3F88F71C281BCC0C002FBB25 /* Domain */ = {
			isa = PBXGroup;
			children = (
				3F88F71D281BCC0C002FBB25 /* Domain.h */,
				3F88F735281BCC79002FBB25 /* Entries */,
				3F88F734281BCC66002FBB25 /* Usecases */,
			);
			path = Domain;
			sourceTree = "<group>";
		};
		3F88F728281BCC0C002FBB25 /* DomainTests */ = {
			isa = PBXGroup;
			children = (
				3F88F729281BCC0C002FBB25 /* DomainTests.swift */,
			);
			path = DomainTests;
			sourceTree = "<group>";
		};
		3F88F734281BCC66002FBB25 /* Usecases */ = {
			isa = PBXGroup;
			children = (
				3F88F73C281BCD23002FBB25 /* ChatsUsecase.swift */,
				3F88F73A281BCCE5002FBB25 /* UsecaseProvider.swift */,
			);
			path = Usecases;
			sourceTree = "<group>";
		};
		3F88F735281BCC79002FBB25 /* Entries */ = {
			isa = PBXGroup;
			children = (
				3F88F736281BCC87002FBB25 /* Chat.swift */,
				3F88F738281BCCAA002FBB25 /* UserInfo.swift */,
			);
			path = Entries;
			sourceTree = "<group>";
		};
/* End PBXGroup section */

/* Begin PBXHeadersBuildPhase section */
		3F88F715281BCC0C002FBB25 /* Headers */ = {
			isa = PBXHeadersBuildPhase;
			buildActionMask = 2147483647;
			files = (
				3F88F72B281BCC0C002FBB25 /* Domain.h in Headers */,
			);
			runOnlyForDeploymentPostprocessing = 0;
		};
/* End PBXHeadersBuildPhase section */

/* Begin PBXNativeTarget section */
		3F88F719281BCC0C002FBB25 /* Domain */ = {
			isa = PBXNativeTarget;
			buildConfigurationList = 3F88F72E281BCC0C002FBB25 /* Build configuration list for PBXNativeTarget "Domain" */;
			buildPhases = (
				3F88F715281BCC0C002FBB25 /* Headers */,
				3F88F716281BCC0C002FBB25 /* Sources */,
				3F88F717281BCC0C002FBB25 /* Frameworks */,
				3F88F718281BCC0C002FBB25 /* Resources */,
			);
			buildRules = (
			);
			dependencies = (
			);
			name = Domain;
			packageProductDependencies = (
				3F88F73F281BCD6A002FBB25 /* RxSwift */,
			);
			productName = Domain;
			productReference = 3F88F71A281BCC0C002FBB25 /* Domain.framework */;
			productType = "com.apple.product-type.framework";
		};
		3F88F723281BCC0C002FBB25 /* DomainTests */ = {
			isa = PBXNativeTarget;
			buildConfigurationList = 3F88F731281BCC0C002FBB25 /* Build configuration list for PBXNativeTarget "DomainTests" */;
			buildPhases = (
				3F88F720281BCC0C002FBB25 /* Sources */,
				3F88F721281BCC0C002FBB25 /* Frameworks */,
				3F88F722281BCC0C002FBB25 /* Resources */,
			);
			buildRules = (
			);
			dependencies = (
				3F88F727281BCC0C002FBB25 /* PBXTargetDependency */,
			);
			name = DomainTests;
			productName = DomainTests;
			productReference = 3F88F724281BCC0C002FBB25 /* DomainTests.xctest */;
			productType = "com.apple.product-type.bundle.unit-test";
		};
/* End PBXNativeTarget section */

/* Begin PBXProject section */
		3F88F711281BCC0C002FBB25 /* Project object */ = {
			isa = PBXProject;
			attributes = {
				BuildIndependentTargetsInParallel = 1;
				LastSwiftUpdateCheck = 1330;
				LastUpgradeCheck = 1330;
				TargetAttributes = {
					3F88F719281BCC0C002FBB25 = {
						CreatedOnToolsVersion = 13.3;
						LastSwiftMigration = 1330;
					};
					3F88F723281BCC0C002FBB25 = {
						CreatedOnToolsVersion = 13.3;
					};
				};
			};
			buildConfigurationList = 3F88F714281BCC0C002FBB25 /* Build configuration list for PBXProject "Domain" */;
			compatibilityVersion = "Xcode 13.0";
			developmentRegion = en;
			hasScannedForEncodings = 0;
			knownRegions = (
				en,
				Base,
			);
			mainGroup = 3F88F710281BCC0C002FBB25;
			packageReferences = (
				3F88F73E281BCD6A002FBB25 /* XCRemoteSwiftPackageReference "RxSwift" */,
			);
			productRefGroup = 3F88F71B281BCC0C002FBB25 /* Products */;
			projectDirPath = "";
			projectRoot = "";
			targets = (
				3F88F719281BCC0C002FBB25 /* Domain */,
				3F88F723281BCC0C002FBB25 /* DomainTests */,
			);
		};
/* End PBXProject section */

/* Begin PBXResourcesBuildPhase section */
		3F88F718281BCC0C002FBB25 /* Resources */ = {
			isa = PBXResourcesBuildPhase;
			buildActionMask = 2147483647;
			files = (
			);
			runOnlyForDeploymentPostprocessing = 0;
		};
		3F88F722281BCC0C002FBB25 /* Resources */ = {
			isa = PBXResourcesBuildPhase;
			buildActionMask = 2147483647;
			files = (
			);
			runOnlyForDeploymentPostprocessing = 0;
		};
/* End PBXResourcesBuildPhase section */

/* Begin PBXSourcesBuildPhase section */
		3F88F716281BCC0C002FBB25 /* Sources */ = {
			isa = PBXSourcesBuildPhase;
			buildActionMask = 2147483647;
			files = (
				3F88F739281BCCAA002FBB25 /* UserInfo.swift in Sources */,
				3F88F73D281BCD23002FBB25 /* ChatsUsecase.swift in Sources */,
				3F88F73B281BCCE5002FBB25 /* UsecaseProvider.swift in Sources */,
				3F88F737281BCC87002FBB25 /* Chat.swift in Sources */,
			);
			runOnlyForDeploymentPostprocessing = 0;
		};
		3F88F720281BCC0C002FBB25 /* Sources */ = {
			isa = PBXSourcesBuildPhase;
			buildActionMask = 2147483647;
			files = (
				3F88F72A281BCC0C002FBB25 /* DomainTests.swift in Sources */,
			);
			runOnlyForDeploymentPostprocessing = 0;
		};
/* End PBXSourcesBuildPhase section */

/* Begin PBXTargetDependency section */
		3F88F727281BCC0C002FBB25 /* PBXTargetDependency */ = {
			isa = PBXTargetDependency;
			target = 3F88F719281BCC0C002FBB25 /* Domain */;
			targetProxy = 3F88F726281BCC0C002FBB25 /* PBXContainerItemProxy */;
		};
/* End PBXTargetDependency section */

/* Begin XCBuildConfiguration section */
		3F88F72C281BCC0C002FBB25 /* Debug */ = {
			isa = XCBuildConfiguration;
			buildSettings = {
				ALWAYS_SEARCH_USER_PATHS = NO;
				CLANG_ANALYZER_NONNULL = YES;
				CLANG_ANALYZER_NUMBER_OBJECT_CONVERSION = YES_AGGRESSIVE;
				CLANG_CXX_LANGUAGE_STANDARD = "gnu++17";
				CLANG_ENABLE_MODULES = YES;
				CLANG_ENABLE_OBJC_ARC = YES;
				CLANG_ENABLE_OBJC_WEAK = YES;
				CLANG_WARN_BLOCK_CAPTURE_AUTORELEASING = YES;
				CLANG_WARN_BOOL_CONVERSION = YES;
				CLANG_WARN_COMMA = YES;
				CLANG_WARN_CONSTANT_CONVERSION = YES;
				CLANG_WARN_DEPRECATED_OBJC_IMPLEMENTATIONS = YES;
				CLANG_WARN_DIRECT_OBJC_ISA_USAGE = YES_ERROR;
				CLANG_WARN_DOCUMENTATION_COMMENTS = YES;
				CLANG_WARN_EMPTY_BODY = YES;
				CLANG_WARN_ENUM_CONVERSION = YES;
				CLANG_WARN_INFINITE_RECURSION = YES;
				CLANG_WARN_INT_CONVERSION = YES;
				CLANG_WARN_NON_LITERAL_NULL_CONVERSION = YES;
				CLANG_WARN_OBJC_IMPLICIT_RETAIN_SELF = YES;
				CLANG_WARN_OBJC_LITERAL_CONVERSION = YES;
				CLANG_WARN_OBJC_ROOT_CLASS = YES_ERROR;
				CLANG_WARN_QUOTED_INCLUDE_IN_FRAMEWORK_HEADER = YES;
				CLANG_WARN_RANGE_LOOP_ANALYSIS = YES;
				CLANG_WARN_STRICT_PROTOTYPES = YES;
				CLANG_WARN_SUSPICIOUS_MOVE = YES;
				CLANG_WARN_UNGUARDED_AVAILABILITY = YES_AGGRESSIVE;
				CLANG_WARN_UNREACHABLE_CODE = YES;
				CLANG_WARN__DUPLICATE_METHOD_MATCH = YES;
				COPY_PHASE_STRIP = NO;
				CURRENT_PROJECT_VERSION = 1;
				DEBUG_INFORMATION_FORMAT = dwarf;
				ENABLE_STRICT_OBJC_MSGSEND = YES;
				ENABLE_TESTABILITY = YES;
				GCC_C_LANGUAGE_STANDARD = gnu11;
				GCC_DYNAMIC_NO_PIC = NO;
				GCC_NO_COMMON_BLOCKS = YES;
				GCC_OPTIMIZATION_LEVEL = 0;
				GCC_PREPROCESSOR_DEFINITIONS = (
					"DEBUG=1",
					"$(inherited)",
				);
				GCC_WARN_64_TO_32_BIT_CONVERSION = YES;
				GCC_WARN_ABOUT_RETURN_TYPE = YES_ERROR;
				GCC_WARN_UNDECLARED_SELECTOR = YES;
				GCC_WARN_UNINITIALIZED_AUTOS = YES_AGGRESSIVE;
				GCC_WARN_UNUSED_FUNCTION = YES;
				GCC_WARN_UNUSED_VARIABLE = YES;
				IPHONEOS_DEPLOYMENT_TARGET = 15.4;
				MTL_ENABLE_DEBUG_INFO = INCLUDE_SOURCE;
				MTL_FAST_MATH = YES;
				ONLY_ACTIVE_ARCH = YES;
				SDKROOT = iphoneos;
				SWIFT_ACTIVE_COMPILATION_CONDITIONS = DEBUG;
				SWIFT_OPTIMIZATION_LEVEL = "-Onone";
				VERSIONING_SYSTEM = "apple-generic";
				VERSION_INFO_PREFIX = "";
			};
			name = Debug;
		};
		3F88F72D281BCC0C002FBB25 /* Release */ = {
			isa = XCBuildConfiguration;
			buildSettings = {
				ALWAYS_SEARCH_USER_PATHS = NO;
				CLANG_ANALYZER_NONNULL = YES;
				CLANG_ANALYZER_NUMBER_OBJECT_CONVERSION = YES_AGGRESSIVE;
				CLANG_CXX_LANGUAGE_STANDARD = "gnu++17";
				CLANG_ENABLE_MODULES = YES;
				CLANG_ENABLE_OBJC_ARC = YES;
				CLANG_ENABLE_OBJC_WEAK = YES;
				CLANG_WARN_BLOCK_CAPTURE_AUTORELEASING = YES;
				CLANG_WARN_BOOL_CONVERSION = YES;
				CLANG_WARN_COMMA = YES;
				CLANG_WARN_CONSTANT_CONVERSION = YES;
				CLANG_WARN_DEPRECATED_OBJC_IMPLEMENTATIONS = YES;
				CLANG_WARN_DIRECT_OBJC_ISA_USAGE = YES_ERROR;
				CLANG_WARN_DOCUMENTATION_COMMENTS = YES;
				CLANG_WARN_EMPTY_BODY = YES;
				CLANG_WARN_ENUM_CONVERSION = YES;
				CLANG_WARN_INFINITE_RECURSION = YES;
				CLANG_WARN_INT_CONVERSION = YES;
				CLANG_WARN_NON_LITERAL_NULL_CONVERSION = YES;
				CLANG_WARN_OBJC_IMPLICIT_RETAIN_SELF = YES;
				CLANG_WARN_OBJC_LITERAL_CONVERSION = YES;
				CLANG_WARN_OBJC_ROOT_CLASS = YES_ERROR;
				CLANG_WARN_QUOTED_INCLUDE_IN_FRAMEWORK_HEADER = YES;
				CLANG_WARN_RANGE_LOOP_ANALYSIS = YES;
				CLANG_WARN_STRICT_PROTOTYPES = YES;
				CLANG_WARN_SUSPICIOUS_MOVE = YES;
				CLANG_WARN_UNGUARDED_AVAILABILITY = YES_AGGRESSIVE;
				CLANG_WARN_UNREACHABLE_CODE = YES;
				CLANG_WARN__DUPLICATE_METHOD_MATCH = YES;
				COPY_PHASE_STRIP = NO;
				CURRENT_PROJECT_VERSION = 1;
				DEBUG_INFORMATION_FORMAT = "dwarf-with-dsym";
				ENABLE_NS_ASSERTIONS = NO;
				ENABLE_STRICT_OBJC_MSGSEND = YES;
				GCC_C_LANGUAGE_STANDARD = gnu11;
				GCC_NO_COMMON_BLOCKS = YES;
				GCC_WARN_64_TO_32_BIT_CONVERSION = YES;
				GCC_WARN_ABOUT_RETURN_TYPE = YES_ERROR;
				GCC_WARN_UNDECLARED_SELECTOR = YES;
				GCC_WARN_UNINITIALIZED_AUTOS = YES_AGGRESSIVE;
				GCC_WARN_UNUSED_FUNCTION = YES;
				GCC_WARN_UNUSED_VARIABLE = YES;
				IPHONEOS_DEPLOYMENT_TARGET = 15.4;
				MTL_ENABLE_DEBUG_INFO = NO;
				MTL_FAST_MATH = YES;
				SDKROOT = iphoneos;
				SWIFT_COMPILATION_MODE = wholemodule;
				SWIFT_OPTIMIZATION_LEVEL = "-O";
				VALIDATE_PRODUCT = YES;
				VERSIONING_SYSTEM = "apple-generic";
				VERSION_INFO_PREFIX = "";
			};
			name = Release;
		};
		3F88F72F281BCC0C002FBB25 /* Debug */ = {
			isa = XCBuildConfiguration;
			buildSettings = {
				CLANG_ENABLE_MODULES = YES;
				CODE_SIGN_STYLE = Automatic;
				CURRENT_PROJECT_VERSION = 1;
				DEFINES_MODULE = YES;
				DEVELOPMENT_TEAM = 4PL3T83JJM;
				DYLIB_COMPATIBILITY_VERSION = 1;
				DYLIB_CURRENT_VERSION = 1;
				DYLIB_INSTALL_NAME_BASE = "@rpath";
				GENERATE_INFOPLIST_FILE = YES;
				INFOPLIST_KEY_NSHumanReadableCopyright = "";
				INSTALL_PATH = "$(LOCAL_LIBRARY_DIR)/Frameworks";
				IPHONEOS_DEPLOYMENT_TARGET = 13.0;
				LD_RUNPATH_SEARCH_PATHS = (
					"$(inherited)",
					"@executable_path/Frameworks",
					"@loader_path/Frameworks",
				);
				MARKETING_VERSION = 1.0;
				PRODUCT_BUNDLE_IDENTIFIER = bestowing.Domain;
				PRODUCT_NAME = "$(TARGET_NAME:c99extidentifier)";
				SKIP_INSTALL = YES;
				SUPPORTS_MACCATALYST = NO;
				SWIFT_EMIT_LOC_STRINGS = YES;
				SWIFT_OPTIMIZATION_LEVEL = "-Onone";
				SWIFT_VERSION = 5.0;
				TARGETED_DEVICE_FAMILY = "1,2";
			};
			name = Debug;
		};
		3F88F730281BCC0C002FBB25 /* Release */ = {
			isa = XCBuildConfiguration;
			buildSettings = {
				CLANG_ENABLE_MODULES = YES;
				CODE_SIGN_STYLE = Automatic;
				CURRENT_PROJECT_VERSION = 1;
				DEFINES_MODULE = YES;
				DEVELOPMENT_TEAM = 4PL3T83JJM;
				DYLIB_COMPATIBILITY_VERSION = 1;
				DYLIB_CURRENT_VERSION = 1;
				DYLIB_INSTALL_NAME_BASE = "@rpath";
				GENERATE_INFOPLIST_FILE = YES;
				INFOPLIST_KEY_NSHumanReadableCopyright = "";
				INSTALL_PATH = "$(LOCAL_LIBRARY_DIR)/Frameworks";
				IPHONEOS_DEPLOYMENT_TARGET = 13.0;
				LD_RUNPATH_SEARCH_PATHS = (
					"$(inherited)",
					"@executable_path/Frameworks",
					"@loader_path/Frameworks",
				);
				MARKETING_VERSION = 1.0;
				PRODUCT_BUNDLE_IDENTIFIER = bestowing.Domain;
				PRODUCT_NAME = "$(TARGET_NAME:c99extidentifier)";
				SKIP_INSTALL = YES;
				SUPPORTS_MACCATALYST = NO;
				SWIFT_EMIT_LOC_STRINGS = YES;
				SWIFT_VERSION = 5.0;
				TARGETED_DEVICE_FAMILY = "1,2";
			};
			name = Release;
		};
		3F88F732281BCC0C002FBB25 /* Debug */ = {
			isa = XCBuildConfiguration;
			buildSettings = {
				ALWAYS_EMBED_SWIFT_STANDARD_LIBRARIES = YES;
				CODE_SIGN_STYLE = Automatic;
				CURRENT_PROJECT_VERSION = 1;
				DEVELOPMENT_TEAM = 4PL3T83JJM;
				GENERATE_INFOPLIST_FILE = YES;
				MARKETING_VERSION = 1.0;
				PRODUCT_BUNDLE_IDENTIFIER = bestowing.DomainTests;
				PRODUCT_NAME = "$(TARGET_NAME)";
				SWIFT_EMIT_LOC_STRINGS = NO;
				SWIFT_VERSION = 5.0;
				TARGETED_DEVICE_FAMILY = "1,2";
			};
			name = Debug;
		};
		3F88F733281BCC0C002FBB25 /* Release */ = {
			isa = XCBuildConfiguration;
			buildSettings = {
				ALWAYS_EMBED_SWIFT_STANDARD_LIBRARIES = YES;
				CODE_SIGN_STYLE = Automatic;
				CURRENT_PROJECT_VERSION = 1;
				DEVELOPMENT_TEAM = 4PL3T83JJM;
				GENERATE_INFOPLIST_FILE = YES;
				MARKETING_VERSION = 1.0;
				PRODUCT_BUNDLE_IDENTIFIER = bestowing.DomainTests;
				PRODUCT_NAME = "$(TARGET_NAME)";
				SWIFT_EMIT_LOC_STRINGS = NO;
				SWIFT_VERSION = 5.0;
				TARGETED_DEVICE_FAMILY = "1,2";
			};
			name = Release;
		};
/* End XCBuildConfiguration section */

/* Begin XCConfigurationList section */
		3F88F714281BCC0C002FBB25 /* Build configuration list for PBXProject "Domain" */ = {
			isa = XCConfigurationList;
			buildConfigurations = (
				3F88F72C281BCC0C002FBB25 /* Debug */,
				3F88F72D281BCC0C002FBB25 /* Release */,
			);
			defaultConfigurationIsVisible = 0;
			defaultConfigurationName = Release;
		};
		3F88F72E281BCC0C002FBB25 /* Build configuration list for PBXNativeTarget "Domain" */ = {
			isa = XCConfigurationList;
			buildConfigurations = (
				3F88F72F281BCC0C002FBB25 /* Debug */,
				3F88F730281BCC0C002FBB25 /* Release */,
			);
			defaultConfigurationIsVisible = 0;
			defaultConfigurationName = Release;
		};
		3F88F731281BCC0C002FBB25 /* Build configuration list for PBXNativeTarget "DomainTests" */ = {
			isa = XCConfigurationList;
			buildConfigurations = (
				3F88F732281BCC0C002FBB25 /* Debug */,
				3F88F733281BCC0C002FBB25 /* Release */,
			);
			defaultConfigurationIsVisible = 0;
			defaultConfigurationName = Release;
		};
/* End XCConfigurationList section */

/* Begin XCRemoteSwiftPackageReference section */
		3F88F73E281BCD6A002FBB25 /* XCRemoteSwiftPackageReference "RxSwift" */ = {
			isa = XCRemoteSwiftPackageReference;
			repositoryURL = "https://github.com/ReactiveX/RxSwift.git";
			requirement = {
				branch = main;
				kind = branch;
			};
		};
/* End XCRemoteSwiftPackageReference section */

/* Begin XCSwiftPackageProductDependency section */
		3F88F73F281BCD6A002FBB25 /* RxSwift */ = {
			isa = XCSwiftPackageProductDependency;
			package = 3F88F73E281BCD6A002FBB25 /* XCRemoteSwiftPackageReference "RxSwift" */;
			productName = RxSwift;
		};
/* End XCSwiftPackageProductDependency section */
	};
	rootObject = 3F88F711281BCC0C002FBB25 /* Project object */;
}
