// !$*UTF8*$!
{
	archiveVersion = 1;
	classes = {
	};
	objectVersion = 55;
	objects = {

/* Begin PBXBuildFile section */
		3F4DDCA027E353B4005C71D9 /* AppDelegate.swift in Sources */ = {isa = PBXBuildFile; fileRef = 3F4DDC9F27E353B4005C71D9 /* AppDelegate.swift */; };
		3F4DDCA227E353B4005C71D9 /* SceneDelegate.swift in Sources */ = {isa = PBXBuildFile; fileRef = 3F4DDCA127E353B4005C71D9 /* SceneDelegate.swift */; };
		3F4DDCA427E353B4005C71D9 /* HomeViewController.swift in Sources */ = {isa = PBXBuildFile; fileRef = 3F4DDCA327E353B4005C71D9 /* HomeViewController.swift */; };
		3F4DDCA727E353B4005C71D9 /* Main.storyboard in Resources */ = {isa = PBXBuildFile; fileRef = 3F4DDCA527E353B4005C71D9 /* Main.storyboard */; };
		3F4DDCA927E353B5005C71D9 /* Assets.xcassets in Resources */ = {isa = PBXBuildFile; fileRef = 3F4DDCA827E353B5005C71D9 /* Assets.xcassets */; };
		3F4DDCAC27E353B5005C71D9 /* LaunchScreen.storyboard in Resources */ = {isa = PBXBuildFile; fileRef = 3F4DDCAA27E353B5005C71D9 /* LaunchScreen.storyboard */; };
		3F4DDCB527E354BB005C71D9 /* GoogleService-Info.plist in Resources */ = {isa = PBXBuildFile; fileRef = 3F4DDCB427E354BB005C71D9 /* GoogleService-Info.plist */; };
		3F4DDCB927E356BF005C71D9 /* FirebaseAnalytics in Frameworks */ = {isa = PBXBuildFile; productRef = 3F4DDCB827E356BF005C71D9 /* FirebaseAnalytics */; };
		3F4DDCBB27E356BF005C71D9 /* FirebaseDatabase in Frameworks */ = {isa = PBXBuildFile; productRef = 3F4DDCBA27E356BF005C71D9 /* FirebaseDatabase */; };
		3F4DDCBD27E356BF005C71D9 /* FirebaseFunctions in Frameworks */ = {isa = PBXBuildFile; productRef = 3F4DDCBC27E356BF005C71D9 /* FirebaseFunctions */; };
		3F4DDCBF27E356BF005C71D9 /* FirebaseStorage in Frameworks */ = {isa = PBXBuildFile; productRef = 3F4DDCBE27E356BF005C71D9 /* FirebaseStorage */; };
		3F4DDCC127E359DD005C71D9 /* ChatRoomViewController.swift in Sources */ = {isa = PBXBuildFile; fileRef = 3F4DDCC027E359DD005C71D9 /* ChatRoomViewController.swift */; };
		3F4DDCC927E4AE00005C71D9 /* MessageRepository.swift in Sources */ = {isa = PBXBuildFile; fileRef = 3F4DDCC827E4AE00005C71D9 /* MessageRepository.swift */; };
		3F4DDCCB27E4B8C4005C71D9 /* Message.swift in Sources */ = {isa = PBXBuildFile; fileRef = 3F4DDCCA27E4B8C4005C71D9 /* Message.swift */; };
		3F4DDCCF27E4B90A005C71D9 /* MessageCollectionViewCell.swift in Sources */ = {isa = PBXBuildFile; fileRef = 3F4DDCCD27E4B90A005C71D9 /* MessageCollectionViewCell.swift */; };
		3F4DDCD027E4B90A005C71D9 /* MessageCollectionViewCell.xib in Resources */ = {isa = PBXBuildFile; fileRef = 3F4DDCCE27E4B90A005C71D9 /* MessageCollectionViewCell.xib */; };
		3F4DDCD227E51151005C71D9 /* UIPaddingLabel.swift in Sources */ = {isa = PBXBuildFile; fileRef = 3F4DDCD127E51150005C71D9 /* UIPaddingLabel.swift */; };
/* End PBXBuildFile section */

/* Begin PBXFileReference section */
		3F4DDC9C27E353B4005C71D9 /* Discussion-Korea.app */ = {isa = PBXFileReference; explicitFileType = wrapper.application; includeInIndex = 0; path = "Discussion-Korea.app"; sourceTree = BUILT_PRODUCTS_DIR; };
		3F4DDC9F27E353B4005C71D9 /* AppDelegate.swift */ = {isa = PBXFileReference; lastKnownFileType = sourcecode.swift; path = AppDelegate.swift; sourceTree = "<group>"; };
		3F4DDCA127E353B4005C71D9 /* SceneDelegate.swift */ = {isa = PBXFileReference; lastKnownFileType = sourcecode.swift; path = SceneDelegate.swift; sourceTree = "<group>"; };
		3F4DDCA327E353B4005C71D9 /* HomeViewController.swift */ = {isa = PBXFileReference; lastKnownFileType = sourcecode.swift; path = HomeViewController.swift; sourceTree = "<group>"; };
		3F4DDCA627E353B4005C71D9 /* Base */ = {isa = PBXFileReference; lastKnownFileType = file.storyboard; name = Base; path = Base.lproj/Main.storyboard; sourceTree = "<group>"; };
		3F4DDCA827E353B5005C71D9 /* Assets.xcassets */ = {isa = PBXFileReference; lastKnownFileType = folder.assetcatalog; path = Assets.xcassets; sourceTree = "<group>"; };
		3F4DDCAB27E353B5005C71D9 /* Base */ = {isa = PBXFileReference; lastKnownFileType = file.storyboard; name = Base; path = Base.lproj/LaunchScreen.storyboard; sourceTree = "<group>"; };
		3F4DDCAD27E353B5005C71D9 /* Info.plist */ = {isa = PBXFileReference; lastKnownFileType = text.plist.xml; path = Info.plist; sourceTree = "<group>"; };
		3F4DDCB427E354BB005C71D9 /* GoogleService-Info.plist */ = {isa = PBXFileReference; fileEncoding = 4; lastKnownFileType = text.plist.xml; path = "GoogleService-Info.plist"; sourceTree = "<group>"; };
		3F4DDCC027E359DD005C71D9 /* ChatRoomViewController.swift */ = {isa = PBXFileReference; lastKnownFileType = sourcecode.swift; path = ChatRoomViewController.swift; sourceTree = "<group>"; };
		3F4DDCC827E4AE00005C71D9 /* MessageRepository.swift */ = {isa = PBXFileReference; lastKnownFileType = sourcecode.swift; path = MessageRepository.swift; sourceTree = "<group>"; };
		3F4DDCCA27E4B8C4005C71D9 /* Message.swift */ = {isa = PBXFileReference; lastKnownFileType = sourcecode.swift; path = Message.swift; sourceTree = "<group>"; };
		3F4DDCCD27E4B90A005C71D9 /* MessageCollectionViewCell.swift */ = {isa = PBXFileReference; lastKnownFileType = sourcecode.swift; path = MessageCollectionViewCell.swift; sourceTree = "<group>"; };
		3F4DDCCE27E4B90A005C71D9 /* MessageCollectionViewCell.xib */ = {isa = PBXFileReference; lastKnownFileType = file.xib; path = MessageCollectionViewCell.xib; sourceTree = "<group>"; };
		3F4DDCD127E51150005C71D9 /* UIPaddingLabel.swift */ = {isa = PBXFileReference; lastKnownFileType = sourcecode.swift; path = UIPaddingLabel.swift; sourceTree = "<group>"; };
/* End PBXFileReference section */

/* Begin PBXFrameworksBuildPhase section */
		3F4DDC9927E353B4005C71D9 /* Frameworks */ = {
			isa = PBXFrameworksBuildPhase;
			buildActionMask = 2147483647;
			files = (
				3F4DDCBD27E356BF005C71D9 /* FirebaseFunctions in Frameworks */,
				3F4DDCBF27E356BF005C71D9 /* FirebaseStorage in Frameworks */,
				3F4DDCBB27E356BF005C71D9 /* FirebaseDatabase in Frameworks */,
				3F4DDCB927E356BF005C71D9 /* FirebaseAnalytics in Frameworks */,
			);
			runOnlyForDeploymentPostprocessing = 0;
		};
/* End PBXFrameworksBuildPhase section */

/* Begin PBXGroup section */
		3F4DDC9327E353B4005C71D9 = {
			isa = PBXGroup;
			children = (
				3F4DDC9E27E353B4005C71D9 /* Discussion-Korea */,
				3F4DDC9D27E353B4005C71D9 /* Products */,
			);
			sourceTree = "<group>";
		};
		3F4DDC9D27E353B4005C71D9 /* Products */ = {
			isa = PBXGroup;
			children = (
				3F4DDC9C27E353B4005C71D9 /* Discussion-Korea.app */,
			);
			name = Products;
			sourceTree = "<group>";
		};
		3F4DDC9E27E353B4005C71D9 /* Discussion-Korea */ = {
			isa = PBXGroup;
			children = (
				3F4DDCB327E353CA005C71D9 /* Application */,
				3F4DDCC527E35B0B005C71D9 /* ChatRoomScene */,
				3F4DDCD427E51A09005C71D9 /* Common */,
				3F4DDCC427E35B02005C71D9 /* HomeScene */,
				3F4DDCC227E35ADE005C71D9 /* Resource */,
				3F4DDCC327E35AF1005C71D9 /* Storyboard */,
			);
			path = "Discussion-Korea";
			sourceTree = "<group>";
		};
		3F4DDCB327E353CA005C71D9 /* Application */ = {
			isa = PBXGroup;
			children = (
				3F4DDC9F27E353B4005C71D9 /* AppDelegate.swift */,
				3F4DDCA127E353B4005C71D9 /* SceneDelegate.swift */,
			);
			path = Application;
			sourceTree = "<group>";
		};
		3F4DDCC227E35ADE005C71D9 /* Resource */ = {
			isa = PBXGroup;
			children = (
				3F4DDCB427E354BB005C71D9 /* GoogleService-Info.plist */,
				3F4DDCAD27E353B5005C71D9 /* Info.plist */,
				3F4DDCA827E353B5005C71D9 /* Assets.xcassets */,
			);
			path = Resource;
			sourceTree = "<group>";
		};
		3F4DDCC327E35AF1005C71D9 /* Storyboard */ = {
			isa = PBXGroup;
			children = (
				3F4DDCA527E353B4005C71D9 /* Main.storyboard */,
				3F4DDCAA27E353B5005C71D9 /* LaunchScreen.storyboard */,
			);
			path = Storyboard;
			sourceTree = "<group>";
		};
		3F4DDCC427E35B02005C71D9 /* HomeScene */ = {
			isa = PBXGroup;
			children = (
				3F4DDCA327E353B4005C71D9 /* HomeViewController.swift */,
			);
			path = HomeScene;
			sourceTree = "<group>";
		};
		3F4DDCC527E35B0B005C71D9 /* ChatRoomScene */ = {
			isa = PBXGroup;
			children = (
				3F4DDCCC27E4B8E9005C71D9 /* View */,
				3F4DDCC027E359DD005C71D9 /* ChatRoomViewController.swift */,
				3F4DDCC827E4AE00005C71D9 /* MessageRepository.swift */,
				3F4DDCCA27E4B8C4005C71D9 /* Message.swift */,
			);
			path = ChatRoomScene;
			sourceTree = "<group>";
		};
		3F4DDCCC27E4B8E9005C71D9 /* View */ = {
			isa = PBXGroup;
			children = (
				3F4DDCCD27E4B90A005C71D9 /* MessageCollectionViewCell.swift */,
				3F4DDCCE27E4B90A005C71D9 /* MessageCollectionViewCell.xib */,
			);
			path = View;
			sourceTree = "<group>";
		};
		3F4DDCD427E51A09005C71D9 /* Common */ = {
			isa = PBXGroup;
			children = (
				3F4DDCD127E51150005C71D9 /* UIPaddingLabel.swift */,
			);
			path = Common;
			sourceTree = "<group>";
		};
/* End PBXGroup section */

/* Begin PBXNativeTarget section */
		3F4DDC9B27E353B4005C71D9 /* Discussion-Korea */ = {
			isa = PBXNativeTarget;
			buildConfigurationList = 3F4DDCB027E353B5005C71D9 /* Build configuration list for PBXNativeTarget "Discussion-Korea" */;
			buildPhases = (
				3F4DDC9827E353B4005C71D9 /* Sources */,
				3F4DDC9927E353B4005C71D9 /* Frameworks */,
				3F4DDC9A27E353B4005C71D9 /* Resources */,
			);
			buildRules = (
			);
			dependencies = (
			);
			name = "Discussion-Korea";
			packageProductDependencies = (
				3F4DDCB827E356BF005C71D9 /* FirebaseAnalytics */,
				3F4DDCBA27E356BF005C71D9 /* FirebaseDatabase */,
				3F4DDCBC27E356BF005C71D9 /* FirebaseFunctions */,
				3F4DDCBE27E356BF005C71D9 /* FirebaseStorage */,
			);
			productName = "Discussion-Korea";
			productReference = 3F4DDC9C27E353B4005C71D9 /* Discussion-Korea.app */;
			productType = "com.apple.product-type.application";
		};
/* End PBXNativeTarget section */

/* Begin PBXProject section */
		3F4DDC9427E353B4005C71D9 /* Project object */ = {
			isa = PBXProject;
			attributes = {
				BuildIndependentTargetsInParallel = 1;
				LastSwiftUpdateCheck = 1320;
				LastUpgradeCheck = 1320;
				TargetAttributes = {
					3F4DDC9B27E353B4005C71D9 = {
						CreatedOnToolsVersion = 13.2.1;
					};
				};
			};
			buildConfigurationList = 3F4DDC9727E353B4005C71D9 /* Build configuration list for PBXProject "Discussion-Korea" */;
			compatibilityVersion = "Xcode 13.0";
			developmentRegion = en;
			hasScannedForEncodings = 0;
			knownRegions = (
				en,
				Base,
			);
			mainGroup = 3F4DDC9327E353B4005C71D9;
			packageReferences = (
				3F4DDCB727E356BF005C71D9 /* XCRemoteSwiftPackageReference "firebase-ios-sdk" */,
			);
			productRefGroup = 3F4DDC9D27E353B4005C71D9 /* Products */;
			projectDirPath = "";
			projectRoot = "";
			targets = (
				3F4DDC9B27E353B4005C71D9 /* Discussion-Korea */,
			);
		};
/* End PBXProject section */

/* Begin PBXResourcesBuildPhase section */
		3F4DDC9A27E353B4005C71D9 /* Resources */ = {
			isa = PBXResourcesBuildPhase;
			buildActionMask = 2147483647;
			files = (
				3F4DDCAC27E353B5005C71D9 /* LaunchScreen.storyboard in Resources */,
				3F4DDCB527E354BB005C71D9 /* GoogleService-Info.plist in Resources */,
				3F4DDCA927E353B5005C71D9 /* Assets.xcassets in Resources */,
				3F4DDCA727E353B4005C71D9 /* Main.storyboard in Resources */,
				3F4DDCD027E4B90A005C71D9 /* MessageCollectionViewCell.xib in Resources */,
			);
			runOnlyForDeploymentPostprocessing = 0;
		};
/* End PBXResourcesBuildPhase section */

/* Begin PBXSourcesBuildPhase section */
		3F4DDC9827E353B4005C71D9 /* Sources */ = {
			isa = PBXSourcesBuildPhase;
			buildActionMask = 2147483647;
			files = (
				3F4DDCCF27E4B90A005C71D9 /* MessageCollectionViewCell.swift in Sources */,
				3F4DDCC927E4AE00005C71D9 /* MessageRepository.swift in Sources */,
				3F4DDCA427E353B4005C71D9 /* HomeViewController.swift in Sources */,
				3F4DDCA027E353B4005C71D9 /* AppDelegate.swift in Sources */,
				3F4DDCD227E51151005C71D9 /* UIPaddingLabel.swift in Sources */,
				3F4DDCCB27E4B8C4005C71D9 /* Message.swift in Sources */,
				3F4DDCA227E353B4005C71D9 /* SceneDelegate.swift in Sources */,
				3F4DDCC127E359DD005C71D9 /* ChatRoomViewController.swift in Sources */,
			);
			runOnlyForDeploymentPostprocessing = 0;
		};
/* End PBXSourcesBuildPhase section */

/* Begin PBXVariantGroup section */
		3F4DDCA527E353B4005C71D9 /* Main.storyboard */ = {
			isa = PBXVariantGroup;
			children = (
				3F4DDCA627E353B4005C71D9 /* Base */,
			);
			name = Main.storyboard;
			sourceTree = "<group>";
		};
		3F4DDCAA27E353B5005C71D9 /* LaunchScreen.storyboard */ = {
			isa = PBXVariantGroup;
			children = (
				3F4DDCAB27E353B5005C71D9 /* Base */,
			);
			name = LaunchScreen.storyboard;
			sourceTree = "<group>";
		};
/* End PBXVariantGroup section */

/* Begin XCBuildConfiguration section */
		3F4DDCAE27E353B5005C71D9 /* Debug */ = {
			isa = XCBuildConfiguration;
			buildSettings = {
				ALWAYS_SEARCH_USER_PATHS = NO;
				CLANG_ANALYZER_NONNULL = YES;
				CLANG_ANALYZER_NUMBER_OBJECT_CONVERSION = YES_AGGRESSIVE;
				CLANG_CXX_LANGUAGE_STANDARD = "gnu++17";
				CLANG_CXX_LIBRARY = "libc++";
				CLANG_ENABLE_MODULES = YES;
				CLANG_ENABLE_OBJC_ARC = YES;
				CLANG_ENABLE_OBJC_WEAK = YES;
				CLANG_WARN_BLOCK_CAPTURE_AUTORELEASING = YES;
				CLANG_WARN_BOOL_CONVERSION = YES;
				CLANG_WARN_COMMA = YES;
				CLANG_WARN_CONSTANT_CONVERSION = YES;
				CLANG_WARN_DEPRECATED_OBJC_IMPLEMENTATIONS = YES;
				CLANG_WARN_DIRECT_OBJC_ISA_USAGE = YES_ERROR;
				CLANG_WARN_DOCUMENTATION_COMMENTS = YES;
				CLANG_WARN_EMPTY_BODY = YES;
				CLANG_WARN_ENUM_CONVERSION = YES;
				CLANG_WARN_INFINITE_RECURSION = YES;
				CLANG_WARN_INT_CONVERSION = YES;
				CLANG_WARN_NON_LITERAL_NULL_CONVERSION = YES;
				CLANG_WARN_OBJC_IMPLICIT_RETAIN_SELF = YES;
				CLANG_WARN_OBJC_LITERAL_CONVERSION = YES;
				CLANG_WARN_OBJC_ROOT_CLASS = YES_ERROR;
				CLANG_WARN_QUOTED_INCLUDE_IN_FRAMEWORK_HEADER = YES;
				CLANG_WARN_RANGE_LOOP_ANALYSIS = YES;
				CLANG_WARN_STRICT_PROTOTYPES = YES;
				CLANG_WARN_SUSPICIOUS_MOVE = YES;
				CLANG_WARN_UNGUARDED_AVAILABILITY = YES_AGGRESSIVE;
				CLANG_WARN_UNREACHABLE_CODE = YES;
				CLANG_WARN__DUPLICATE_METHOD_MATCH = YES;
				COPY_PHASE_STRIP = NO;
				DEBUG_INFORMATION_FORMAT = dwarf;
				ENABLE_STRICT_OBJC_MSGSEND = YES;
				ENABLE_TESTABILITY = YES;
				GCC_C_LANGUAGE_STANDARD = gnu11;
				GCC_DYNAMIC_NO_PIC = NO;
				GCC_NO_COMMON_BLOCKS = YES;
				GCC_OPTIMIZATION_LEVEL = 0;
				GCC_PREPROCESSOR_DEFINITIONS = (
					"DEBUG=1",
					"$(inherited)",
				);
				GCC_WARN_64_TO_32_BIT_CONVERSION = YES;
				GCC_WARN_ABOUT_RETURN_TYPE = YES_ERROR;
				GCC_WARN_UNDECLARED_SELECTOR = YES;
				GCC_WARN_UNINITIALIZED_AUTOS = YES_AGGRESSIVE;
				GCC_WARN_UNUSED_FUNCTION = YES;
				GCC_WARN_UNUSED_VARIABLE = YES;
				IPHONEOS_DEPLOYMENT_TARGET = 15.2;
				MTL_ENABLE_DEBUG_INFO = INCLUDE_SOURCE;
				MTL_FAST_MATH = YES;
				ONLY_ACTIVE_ARCH = YES;
				SDKROOT = iphoneos;
				SWIFT_ACTIVE_COMPILATION_CONDITIONS = DEBUG;
				SWIFT_OPTIMIZATION_LEVEL = "-Onone";
			};
			name = Debug;
		};
		3F4DDCAF27E353B5005C71D9 /* Release */ = {
			isa = XCBuildConfiguration;
			buildSettings = {
				ALWAYS_SEARCH_USER_PATHS = NO;
				CLANG_ANALYZER_NONNULL = YES;
				CLANG_ANALYZER_NUMBER_OBJECT_CONVERSION = YES_AGGRESSIVE;
				CLANG_CXX_LANGUAGE_STANDARD = "gnu++17";
				CLANG_CXX_LIBRARY = "libc++";
				CLANG_ENABLE_MODULES = YES;
				CLANG_ENABLE_OBJC_ARC = YES;
				CLANG_ENABLE_OBJC_WEAK = YES;
				CLANG_WARN_BLOCK_CAPTURE_AUTORELEASING = YES;
				CLANG_WARN_BOOL_CONVERSION = YES;
				CLANG_WARN_COMMA = YES;
				CLANG_WARN_CONSTANT_CONVERSION = YES;
				CLANG_WARN_DEPRECATED_OBJC_IMPLEMENTATIONS = YES;
				CLANG_WARN_DIRECT_OBJC_ISA_USAGE = YES_ERROR;
				CLANG_WARN_DOCUMENTATION_COMMENTS = YES;
				CLANG_WARN_EMPTY_BODY = YES;
				CLANG_WARN_ENUM_CONVERSION = YES;
				CLANG_WARN_INFINITE_RECURSION = YES;
				CLANG_WARN_INT_CONVERSION = YES;
				CLANG_WARN_NON_LITERAL_NULL_CONVERSION = YES;
				CLANG_WARN_OBJC_IMPLICIT_RETAIN_SELF = YES;
				CLANG_WARN_OBJC_LITERAL_CONVERSION = YES;
				CLANG_WARN_OBJC_ROOT_CLASS = YES_ERROR;
				CLANG_WARN_QUOTED_INCLUDE_IN_FRAMEWORK_HEADER = YES;
				CLANG_WARN_RANGE_LOOP_ANALYSIS = YES;
				CLANG_WARN_STRICT_PROTOTYPES = YES;
				CLANG_WARN_SUSPICIOUS_MOVE = YES;
				CLANG_WARN_UNGUARDED_AVAILABILITY = YES_AGGRESSIVE;
				CLANG_WARN_UNREACHABLE_CODE = YES;
				CLANG_WARN__DUPLICATE_METHOD_MATCH = YES;
				COPY_PHASE_STRIP = NO;
				DEBUG_INFORMATION_FORMAT = "dwarf-with-dsym";
				ENABLE_NS_ASSERTIONS = NO;
				ENABLE_STRICT_OBJC_MSGSEND = YES;
				GCC_C_LANGUAGE_STANDARD = gnu11;
				GCC_NO_COMMON_BLOCKS = YES;
				GCC_WARN_64_TO_32_BIT_CONVERSION = YES;
				GCC_WARN_ABOUT_RETURN_TYPE = YES_ERROR;
				GCC_WARN_UNDECLARED_SELECTOR = YES;
				GCC_WARN_UNINITIALIZED_AUTOS = YES_AGGRESSIVE;
				GCC_WARN_UNUSED_FUNCTION = YES;
				GCC_WARN_UNUSED_VARIABLE = YES;
				IPHONEOS_DEPLOYMENT_TARGET = 15.2;
				MTL_ENABLE_DEBUG_INFO = NO;
				MTL_FAST_MATH = YES;
				SDKROOT = iphoneos;
				SWIFT_COMPILATION_MODE = wholemodule;
				SWIFT_OPTIMIZATION_LEVEL = "-O";
				VALIDATE_PRODUCT = YES;
			};
			name = Release;
		};
		3F4DDCB127E353B5005C71D9 /* Debug */ = {
			isa = XCBuildConfiguration;
			buildSettings = {
				ASSETCATALOG_COMPILER_APPICON_NAME = AppIcon;
				ASSETCATALOG_COMPILER_GLOBAL_ACCENT_COLOR_NAME = AccentColor;
				CODE_SIGN_STYLE = Automatic;
				CURRENT_PROJECT_VERSION = 1;
				DEVELOPMENT_TEAM = 4PL3T83JJM;
				GENERATE_INFOPLIST_FILE = YES;
				INFOPLIST_FILE = "Discussion-Korea/Resource/Info.plist";
				INFOPLIST_KEY_UIApplicationSupportsIndirectInputEvents = YES;
				INFOPLIST_KEY_UILaunchStoryboardName = LaunchScreen;
				INFOPLIST_KEY_UIMainStoryboardFile = Main;
				INFOPLIST_KEY_UISupportedInterfaceOrientations_iPad = "UIInterfaceOrientationPortrait UIInterfaceOrientationPortraitUpsideDown UIInterfaceOrientationLandscapeLeft UIInterfaceOrientationLandscapeRight";
				INFOPLIST_KEY_UISupportedInterfaceOrientations_iPhone = "UIInterfaceOrientationPortrait UIInterfaceOrientationLandscapeLeft UIInterfaceOrientationLandscapeRight";
				IPHONEOS_DEPLOYMENT_TARGET = 13.0;
				LD_RUNPATH_SEARCH_PATHS = (
					"$(inherited)",
					"@executable_path/Frameworks",
				);
				MARKETING_VERSION = 1.0;
				PRODUCT_BUNDLE_IDENTIFIER = "bestowing.Discussion-Korea";
				PRODUCT_NAME = "$(TARGET_NAME)";
				SWIFT_EMIT_LOC_STRINGS = YES;
				SWIFT_VERSION = 5.0;
				TARGETED_DEVICE_FAMILY = 1;
			};
			name = Debug;
		};
		3F4DDCB227E353B5005C71D9 /* Release */ = {
			isa = XCBuildConfiguration;
			buildSettings = {
				ASSETCATALOG_COMPILER_APPICON_NAME = AppIcon;
				ASSETCATALOG_COMPILER_GLOBAL_ACCENT_COLOR_NAME = AccentColor;
				CODE_SIGN_STYLE = Automatic;
				CURRENT_PROJECT_VERSION = 1;
				DEVELOPMENT_TEAM = 4PL3T83JJM;
				GENERATE_INFOPLIST_FILE = YES;
				INFOPLIST_FILE = "Discussion-Korea/Resource/Info.plist";
				INFOPLIST_KEY_UIApplicationSupportsIndirectInputEvents = YES;
				INFOPLIST_KEY_UILaunchStoryboardName = LaunchScreen;
				INFOPLIST_KEY_UIMainStoryboardFile = Main;
				INFOPLIST_KEY_UISupportedInterfaceOrientations_iPad = "UIInterfaceOrientationPortrait UIInterfaceOrientationPortraitUpsideDown UIInterfaceOrientationLandscapeLeft UIInterfaceOrientationLandscapeRight";
				INFOPLIST_KEY_UISupportedInterfaceOrientations_iPhone = "UIInterfaceOrientationPortrait UIInterfaceOrientationLandscapeLeft UIInterfaceOrientationLandscapeRight";
				IPHONEOS_DEPLOYMENT_TARGET = 13.0;
				LD_RUNPATH_SEARCH_PATHS = (
					"$(inherited)",
					"@executable_path/Frameworks",
				);
				MARKETING_VERSION = 1.0;
				PRODUCT_BUNDLE_IDENTIFIER = "bestowing.Discussion-Korea";
				PRODUCT_NAME = "$(TARGET_NAME)";
				SWIFT_EMIT_LOC_STRINGS = YES;
				SWIFT_VERSION = 5.0;
				TARGETED_DEVICE_FAMILY = 1;
			};
			name = Release;
		};
/* End XCBuildConfiguration section */

/* Begin XCConfigurationList section */
		3F4DDC9727E353B4005C71D9 /* Build configuration list for PBXProject "Discussion-Korea" */ = {
			isa = XCConfigurationList;
			buildConfigurations = (
				3F4DDCAE27E353B5005C71D9 /* Debug */,
				3F4DDCAF27E353B5005C71D9 /* Release */,
			);
			defaultConfigurationIsVisible = 0;
			defaultConfigurationName = Release;
		};
		3F4DDCB027E353B5005C71D9 /* Build configuration list for PBXNativeTarget "Discussion-Korea" */ = {
			isa = XCConfigurationList;
			buildConfigurations = (
				3F4DDCB127E353B5005C71D9 /* Debug */,
				3F4DDCB227E353B5005C71D9 /* Release */,
			);
			defaultConfigurationIsVisible = 0;
			defaultConfigurationName = Release;
		};
/* End XCConfigurationList section */

/* Begin XCRemoteSwiftPackageReference section */
		3F4DDCB727E356BF005C71D9 /* XCRemoteSwiftPackageReference "firebase-ios-sdk" */ = {
			isa = XCRemoteSwiftPackageReference;
			repositoryURL = "https://github.com/firebase/firebase-ios-sdk";
			requirement = {
				kind = upToNextMajorVersion;
				minimumVersion = 8.0.0;
			};
		};
/* End XCRemoteSwiftPackageReference section */

/* Begin XCSwiftPackageProductDependency section */
		3F4DDCB827E356BF005C71D9 /* FirebaseAnalytics */ = {
			isa = XCSwiftPackageProductDependency;
			package = 3F4DDCB727E356BF005C71D9 /* XCRemoteSwiftPackageReference "firebase-ios-sdk" */;
			productName = FirebaseAnalytics;
		};
		3F4DDCBA27E356BF005C71D9 /* FirebaseDatabase */ = {
			isa = XCSwiftPackageProductDependency;
			package = 3F4DDCB727E356BF005C71D9 /* XCRemoteSwiftPackageReference "firebase-ios-sdk" */;
			productName = FirebaseDatabase;
		};
		3F4DDCBC27E356BF005C71D9 /* FirebaseFunctions */ = {
			isa = XCSwiftPackageProductDependency;
			package = 3F4DDCB727E356BF005C71D9 /* XCRemoteSwiftPackageReference "firebase-ios-sdk" */;
			productName = FirebaseFunctions;
		};
		3F4DDCBE27E356BF005C71D9 /* FirebaseStorage */ = {
			isa = XCSwiftPackageProductDependency;
			package = 3F4DDCB727E356BF005C71D9 /* XCRemoteSwiftPackageReference "firebase-ios-sdk" */;
			productName = FirebaseStorage;
		};
/* End XCSwiftPackageProductDependency section */
	};
	rootObject = 3F4DDC9427E353B4005C71D9 /* Project object */;
}
