// !$*UTF8*$!
{
	archiveVersion = 1;
	classes = {
	};
	objectVersion = 55;
	objects = {

/* Begin PBXBuildFile section */
		3F37B3792820747600DB18B7 /* LaunchScreen.storyboard in Resources */ = {isa = PBXBuildFile; fileRef = 3F37B3772820747600DB18B7 /* LaunchScreen.storyboard */; };
		3F37B390282075AF00DB18B7 /* Assets.xcassets in Resources */ = {isa = PBXBuildFile; fileRef = 3F37B38F282075AF00DB18B7 /* Assets.xcassets */; };
		3F37B396282075E400DB18B7 /* ViewModelType.swift in Sources */ = {isa = PBXBuildFile; fileRef = 3F37B394282075E400DB18B7 /* ViewModelType.swift */; };
		3F37B39A2820762D00DB18B7 /* Observable+.swift in Sources */ = {isa = PBXBuildFile; fileRef = 3F37B3982820762C00DB18B7 /* Observable+.swift */; };
		3F37B39B2820762D00DB18B7 /* NSObject+identifier.swift in Sources */ = {isa = PBXBuildFile; fileRef = 3F37B3992820762D00DB18B7 /* NSObject+identifier.swift */; };
		3F37B3A22820765100DB18B7 /* ChatRoomNavigator.swift in Sources */ = {isa = PBXBuildFile; fileRef = 3F37B39E2820765100DB18B7 /* ChatRoomNavigator.swift */; };
		3F37B3A32820765100DB18B7 /* ChatRoomViewModel.swift in Sources */ = {isa = PBXBuildFile; fileRef = 3F37B39F2820765100DB18B7 /* ChatRoomViewModel.swift */; };
		3F37B3A42820765100DB18B7 /* ChatItemViewModel.swift in Sources */ = {isa = PBXBuildFile; fileRef = 3F37B3A02820765100DB18B7 /* ChatItemViewModel.swift */; };
		3F37B3A52820765100DB18B7 /* ChatRoomViewController.swift in Sources */ = {isa = PBXBuildFile; fileRef = 3F37B3A12820765100DB18B7 /* ChatRoomViewController.swift */; };
		3F37B3AC2820765900DB18B7 /* PaddingLabel.swift in Sources */ = {isa = PBXBuildFile; fileRef = 3F37B3A72820765900DB18B7 /* PaddingLabel.swift */; };
		3F37B3AD2820765900DB18B7 /* ChatCell.swift in Sources */ = {isa = PBXBuildFile; fileRef = 3F37B3A82820765900DB18B7 /* ChatCell.swift */; };
		3F37B3AE2820765900DB18B7 /* SelfChatCell.swift in Sources */ = {isa = PBXBuildFile; fileRef = 3F37B3A92820765900DB18B7 /* SelfChatCell.swift */; };
		3F37B3AF2820765900DB18B7 /* SerialOtherChatCell.swift in Sources */ = {isa = PBXBuildFile; fileRef = 3F37B3AA2820765900DB18B7 /* SerialOtherChatCell.swift */; };
		3F37B3B02820765900DB18B7 /* OtherChatCell.swift in Sources */ = {isa = PBXBuildFile; fileRef = 3F37B3AB2820765900DB18B7 /* OtherChatCell.swift */; };
		3F37B3B42820766400DB18B7 /* HomeViewController.swift in Sources */ = {isa = PBXBuildFile; fileRef = 3F37B3B12820766400DB18B7 /* HomeViewController.swift */; };
		3F37B3B52820766400DB18B7 /* HomeViewModel.swift in Sources */ = {isa = PBXBuildFile; fileRef = 3F37B3B22820766400DB18B7 /* HomeViewModel.swift */; };
		3F37B3B62820766400DB18B7 /* HomeNavigator.swift in Sources */ = {isa = PBXBuildFile; fileRef = 3F37B3B32820766400DB18B7 /* HomeNavigator.swift */; };
		3F37B3C12820772A00DB18B7 /* FirebaseChatsUsecase.swift in Sources */ = {isa = PBXBuildFile; fileRef = 3F37B3BF2820772A00DB18B7 /* FirebaseChatsUsecase.swift */; };
		3F37B3C22820772A00DB18B7 /* FirebaseUsecaseProvider.swift in Sources */ = {isa = PBXBuildFile; fileRef = 3F37B3C02820772A00DB18B7 /* FirebaseUsecaseProvider.swift */; };
		3F37B3C52820773600DB18B7 /* Chat.swift in Sources */ = {isa = PBXBuildFile; fileRef = 3F37B3C32820773600DB18B7 /* Chat.swift */; };
		3F37B3C62820773600DB18B7 /* UserInfo.swift in Sources */ = {isa = PBXBuildFile; fileRef = 3F37B3C42820773600DB18B7 /* UserInfo.swift */; };
		3F37B3CA2820773C00DB18B7 /* UsecaseProvider.swift in Sources */ = {isa = PBXBuildFile; fileRef = 3F37B3C72820773C00DB18B7 /* UsecaseProvider.swift */; };
		3F37B3CB2820773C00DB18B7 /* UserInfoUsecase.swift in Sources */ = {isa = PBXBuildFile; fileRef = 3F37B3C82820773C00DB18B7 /* UserInfoUsecase.swift */; };
		3F37B3CC2820773C00DB18B7 /* ChatsUsecase.swift in Sources */ = {isa = PBXBuildFile; fileRef = 3F37B3C92820773C00DB18B7 /* ChatsUsecase.swift */; };
		3F37B3CF282077B700DB18B7 /* RxCocoa in Frameworks */ = {isa = PBXBuildFile; productRef = 3F37B3CE282077B700DB18B7 /* RxCocoa */; };
		3F37B3D1282077B700DB18B7 /* RxSwift in Frameworks */ = {isa = PBXBuildFile; productRef = 3F37B3D0282077B700DB18B7 /* RxSwift */; };
		3F37B3D4282077C700DB18B7 /* RxKeyboard in Frameworks */ = {isa = PBXBuildFile; productRef = 3F37B3D3282077C700DB18B7 /* RxKeyboard */; };
		3F37B3D7282077D400DB18B7 /* SnapKit in Frameworks */ = {isa = PBXBuildFile; productRef = 3F37B3D6282077D400DB18B7 /* SnapKit */; };
		3F37B3DA2820782600DB18B7 /* FirebaseDatabase in Frameworks */ = {isa = PBXBuildFile; productRef = 3F37B3D92820782600DB18B7 /* FirebaseDatabase */; };
		3F37B3DD2820784E00DB18B7 /* SideMenu in Frameworks */ = {isa = PBXBuildFile; productRef = 3F37B3DC2820784E00DB18B7 /* SideMenu */; };
		3F37B3DF28207A9100DB18B7 /* FirebaseUserInfoUsecase.swift in Sources */ = {isa = PBXBuildFile; fileRef = 3F37B3DE28207A9000DB18B7 /* FirebaseUserInfoUsecase.swift */; };
		3F37B3E428207CCA00DB18B7 /* Application.swift in Sources */ = {isa = PBXBuildFile; fileRef = 3F37B3E128207CCA00DB18B7 /* Application.swift */; };
		3F37B3E528207CCA00DB18B7 /* SceneDelegate.swift in Sources */ = {isa = PBXBuildFile; fileRef = 3F37B3E228207CCA00DB18B7 /* SceneDelegate.swift */; };
		3F37B3E628207CCA00DB18B7 /* AppDelegate.swift in Sources */ = {isa = PBXBuildFile; fileRef = 3F37B3E328207CCA00DB18B7 /* AppDelegate.swift */; };
		3F37B3EA28207D0200DB18B7 /* ReferenceProvider.swift in Sources */ = {isa = PBXBuildFile; fileRef = 3F37B3E928207D0200DB18B7 /* ReferenceProvider.swift */; };
		3F66968C283103280077E5B3 /* UIColor+.swift in Sources */ = {isa = PBXBuildFile; fileRef = 3F66968B283103280077E5B3 /* UIColor+.swift */; };
		3F6696A02835BFB20077E5B3 /* ChatRoomListViewController.swift in Sources */ = {isa = PBXBuildFile; fileRef = 3F66969F2835BFB10077E5B3 /* ChatRoomListViewController.swift */; };
		3F6696A22835BFD20077E5B3 /* ChatRoomListNavigator.swift in Sources */ = {isa = PBXBuildFile; fileRef = 3F6696A12835BFD20077E5B3 /* ChatRoomListNavigator.swift */; };
		3F6696A42835BFDB0077E5B3 /* ChatRoomListViewModel.swift in Sources */ = {isa = PBXBuildFile; fileRef = 3F6696A32835BFDB0077E5B3 /* ChatRoomListViewModel.swift */; };
		3F6696A62835C12B0077E5B3 /* SettingViewController.swift in Sources */ = {isa = PBXBuildFile; fileRef = 3F6696A52835C12B0077E5B3 /* SettingViewController.swift */; };
		3F6696A82835C15F0077E5B3 /* SettingViewModel.swift in Sources */ = {isa = PBXBuildFile; fileRef = 3F6696A72835C15F0077E5B3 /* SettingViewModel.swift */; };
		3F6696AA2835C16C0077E5B3 /* SettingNavigator.swift in Sources */ = {isa = PBXBuildFile; fileRef = 3F6696A92835C16C0077E5B3 /* SettingNavigator.swift */; };
		3F6696AC283623810077E5B3 /* ChatRoomsUsecase.swift in Sources */ = {isa = PBXBuildFile; fileRef = 3F6696AB283623810077E5B3 /* ChatRoomsUsecase.swift */; };
		3F6696AE283623A80077E5B3 /* ChatRoom.swift in Sources */ = {isa = PBXBuildFile; fileRef = 3F6696AD283623A80077E5B3 /* ChatRoom.swift */; };
		3F6696B02836260C0077E5B3 /* FirebaseChatRoomsUsecase.swift in Sources */ = {isa = PBXBuildFile; fileRef = 3F6696AF2836260C0077E5B3 /* FirebaseChatRoomsUsecase.swift */; };
		3FB357802821102500F27C77 /* GoogleService-Info.plist in Resources */ = {isa = PBXBuildFile; fileRef = 3FB3577F2821102500F27C77 /* GoogleService-Info.plist */; };
		3FB35786282406D200F27C77 /* ChatRoomSideMenuViewController.swift in Sources */ = {isa = PBXBuildFile; fileRef = 3FB35785282406D200F27C77 /* ChatRoomSideMenuViewController.swift */; };
		3FB357882824083200F27C77 /* ChatRoomSideMenuNavigator.swift in Sources */ = {isa = PBXBuildFile; fileRef = 3FB357872824083200F27C77 /* ChatRoomSideMenuNavigator.swift */; };
		3FB3578A28240D6600F27C77 /* ChatRoomSideMenuViewModel.swift in Sources */ = {isa = PBXBuildFile; fileRef = 3FB3578928240D6600F27C77 /* ChatRoomSideMenuViewModel.swift */; };
		3FB3578F28250A1800F27C77 /* ChatRoomScheduleNavigator.swift in Sources */ = {isa = PBXBuildFile; fileRef = 3FB3578E28250A1800F27C77 /* ChatRoomScheduleNavigator.swift */; };
		3FB3579128250B4700F27C77 /* ChatRoomScheduleViewController.swift in Sources */ = {isa = PBXBuildFile; fileRef = 3FB3579028250B4700F27C77 /* ChatRoomScheduleViewController.swift */; };
		3FB3579328250B5000F27C77 /* ChatRoomScheduleViewModel.swift in Sources */ = {isa = PBXBuildFile; fileRef = 3FB3579228250B5000F27C77 /* ChatRoomScheduleViewModel.swift */; };
		3FB357982826053E00F27C77 /* ParticipantCell.swift in Sources */ = {isa = PBXBuildFile; fileRef = 3FB357972826053E00F27C77 /* ParticipantCell.swift */; };
		3FB3579A2826063C00F27C77 /* ParticipantItemViewModel.swift in Sources */ = {isa = PBXBuildFile; fileRef = 3FB357992826063C00F27C77 /* ParticipantItemViewModel.swift */; };
		3FB3579D282618A900F27C77 /* ScheduleCell.swift in Sources */ = {isa = PBXBuildFile; fileRef = 3FB3579C282618A900F27C77 /* ScheduleCell.swift */; };
		3FB3579F282618D500F27C77 /* ScheduleItemViewModel.swift in Sources */ = {isa = PBXBuildFile; fileRef = 3FB3579E282618D500F27C77 /* ScheduleItemViewModel.swift */; };
		3FB357A12826192A00F27C77 /* Discussion.swift in Sources */ = {isa = PBXBuildFile; fileRef = 3FB357A02826192A00F27C77 /* Discussion.swift */; };
		3FB357A328261A7400F27C77 /* DiscussionUsecase.swift in Sources */ = {isa = PBXBuildFile; fileRef = 3FB357A228261A7400F27C77 /* DiscussionUsecase.swift */; };
		3FB357A528261D4100F27C77 /* FirebaseDiscussionUsecase.swift in Sources */ = {isa = PBXBuildFile; fileRef = 3FB357A428261D4100F27C77 /* FirebaseDiscussionUsecase.swift */; };
		3FB357A82826279200F27C77 /* AddDiscussionNavigator.swift in Sources */ = {isa = PBXBuildFile; fileRef = 3FB357A72826279200F27C77 /* AddDiscussionNavigator.swift */; };
		3FB357AA2826295200F27C77 /* AddDiscussionViewModel.swift in Sources */ = {isa = PBXBuildFile; fileRef = 3FB357A92826295200F27C77 /* AddDiscussionViewModel.swift */; };
		3FB357AC2826297700F27C77 /* AddDiscussionViewController.swift in Sources */ = {isa = PBXBuildFile; fileRef = 3FB357AB2826297700F27C77 /* AddDiscussionViewController.swift */; };
		3FB357AD282992CE00F27C77 /* Reference.swift in Sources */ = {isa = PBXBuildFile; fileRef = 3F37B3E728207CFB00DB18B7 /* Reference.swift */; };
		3FF62D9F282D93F1001F343C /* Side.swift in Sources */ = {isa = PBXBuildFile; fileRef = 3FF62D9E282D93F1001F343C /* Side.swift */; };
/* End PBXBuildFile section */

/* Begin PBXFileReference section */
		3F37B3692820747500DB18B7 /* Discussion-Korea.app */ = {isa = PBXFileReference; explicitFileType = wrapper.application; includeInIndex = 0; path = "Discussion-Korea.app"; sourceTree = BUILT_PRODUCTS_DIR; };
		3F37B3782820747600DB18B7 /* Base */ = {isa = PBXFileReference; lastKnownFileType = file.storyboard; name = Base; path = Base.lproj/LaunchScreen.storyboard; sourceTree = "<group>"; };
		3F37B38B2820759D00DB18B7 /* Info.plist */ = {isa = PBXFileReference; fileEncoding = 4; lastKnownFileType = text.plist.xml; path = Info.plist; sourceTree = "<group>"; };
		3F37B38F282075AF00DB18B7 /* Assets.xcassets */ = {isa = PBXFileReference; lastKnownFileType = folder.assetcatalog; path = Assets.xcassets; sourceTree = "<group>"; };
		3F37B394282075E400DB18B7 /* ViewModelType.swift */ = {isa = PBXFileReference; fileEncoding = 4; lastKnownFileType = sourcecode.swift; path = ViewModelType.swift; sourceTree = "<group>"; };
		3F37B3982820762C00DB18B7 /* Observable+.swift */ = {isa = PBXFileReference; fileEncoding = 4; lastKnownFileType = sourcecode.swift; path = "Observable+.swift"; sourceTree = "<group>"; };
		3F37B3992820762D00DB18B7 /* NSObject+identifier.swift */ = {isa = PBXFileReference; fileEncoding = 4; lastKnownFileType = sourcecode.swift; path = "NSObject+identifier.swift"; sourceTree = "<group>"; };
		3F37B39E2820765100DB18B7 /* ChatRoomNavigator.swift */ = {isa = PBXFileReference; fileEncoding = 4; lastKnownFileType = sourcecode.swift; path = ChatRoomNavigator.swift; sourceTree = "<group>"; };
		3F37B39F2820765100DB18B7 /* ChatRoomViewModel.swift */ = {isa = PBXFileReference; fileEncoding = 4; lastKnownFileType = sourcecode.swift; path = ChatRoomViewModel.swift; sourceTree = "<group>"; };
		3F37B3A02820765100DB18B7 /* ChatItemViewModel.swift */ = {isa = PBXFileReference; fileEncoding = 4; lastKnownFileType = sourcecode.swift; path = ChatItemViewModel.swift; sourceTree = "<group>"; };
		3F37B3A12820765100DB18B7 /* ChatRoomViewController.swift */ = {isa = PBXFileReference; fileEncoding = 4; lastKnownFileType = sourcecode.swift; path = ChatRoomViewController.swift; sourceTree = "<group>"; };
		3F37B3A72820765900DB18B7 /* PaddingLabel.swift */ = {isa = PBXFileReference; fileEncoding = 4; lastKnownFileType = sourcecode.swift; path = PaddingLabel.swift; sourceTree = "<group>"; };
		3F37B3A82820765900DB18B7 /* ChatCell.swift */ = {isa = PBXFileReference; fileEncoding = 4; lastKnownFileType = sourcecode.swift; path = ChatCell.swift; sourceTree = "<group>"; };
		3F37B3A92820765900DB18B7 /* SelfChatCell.swift */ = {isa = PBXFileReference; fileEncoding = 4; lastKnownFileType = sourcecode.swift; path = SelfChatCell.swift; sourceTree = "<group>"; };
		3F37B3AA2820765900DB18B7 /* SerialOtherChatCell.swift */ = {isa = PBXFileReference; fileEncoding = 4; lastKnownFileType = sourcecode.swift; path = SerialOtherChatCell.swift; sourceTree = "<group>"; };
		3F37B3AB2820765900DB18B7 /* OtherChatCell.swift */ = {isa = PBXFileReference; fileEncoding = 4; lastKnownFileType = sourcecode.swift; path = OtherChatCell.swift; sourceTree = "<group>"; };
		3F37B3B12820766400DB18B7 /* HomeViewController.swift */ = {isa = PBXFileReference; fileEncoding = 4; lastKnownFileType = sourcecode.swift; path = HomeViewController.swift; sourceTree = "<group>"; };
		3F37B3B22820766400DB18B7 /* HomeViewModel.swift */ = {isa = PBXFileReference; fileEncoding = 4; lastKnownFileType = sourcecode.swift; path = HomeViewModel.swift; sourceTree = "<group>"; };
		3F37B3B32820766400DB18B7 /* HomeNavigator.swift */ = {isa = PBXFileReference; fileEncoding = 4; lastKnownFileType = sourcecode.swift; path = HomeNavigator.swift; sourceTree = "<group>"; };
		3F37B3BF2820772A00DB18B7 /* FirebaseChatsUsecase.swift */ = {isa = PBXFileReference; fileEncoding = 4; lastKnownFileType = sourcecode.swift; path = FirebaseChatsUsecase.swift; sourceTree = "<group>"; };
		3F37B3C02820772A00DB18B7 /* FirebaseUsecaseProvider.swift */ = {isa = PBXFileReference; fileEncoding = 4; lastKnownFileType = sourcecode.swift; path = FirebaseUsecaseProvider.swift; sourceTree = "<group>"; };
		3F37B3C32820773600DB18B7 /* Chat.swift */ = {isa = PBXFileReference; fileEncoding = 4; lastKnownFileType = sourcecode.swift; path = Chat.swift; sourceTree = "<group>"; };
		3F37B3C42820773600DB18B7 /* UserInfo.swift */ = {isa = PBXFileReference; fileEncoding = 4; lastKnownFileType = sourcecode.swift; path = UserInfo.swift; sourceTree = "<group>"; };
		3F37B3C72820773C00DB18B7 /* UsecaseProvider.swift */ = {isa = PBXFileReference; fileEncoding = 4; lastKnownFileType = sourcecode.swift; path = UsecaseProvider.swift; sourceTree = "<group>"; };
		3F37B3C82820773C00DB18B7 /* UserInfoUsecase.swift */ = {isa = PBXFileReference; fileEncoding = 4; lastKnownFileType = sourcecode.swift; path = UserInfoUsecase.swift; sourceTree = "<group>"; };
		3F37B3C92820773C00DB18B7 /* ChatsUsecase.swift */ = {isa = PBXFileReference; fileEncoding = 4; lastKnownFileType = sourcecode.swift; path = ChatsUsecase.swift; sourceTree = "<group>"; };
		3F37B3DE28207A9000DB18B7 /* FirebaseUserInfoUsecase.swift */ = {isa = PBXFileReference; fileEncoding = 4; lastKnownFileType = sourcecode.swift; path = FirebaseUserInfoUsecase.swift; sourceTree = "<group>"; };
		3F37B3E128207CCA00DB18B7 /* Application.swift */ = {isa = PBXFileReference; fileEncoding = 4; lastKnownFileType = sourcecode.swift; path = Application.swift; sourceTree = "<group>"; };
		3F37B3E228207CCA00DB18B7 /* SceneDelegate.swift */ = {isa = PBXFileReference; fileEncoding = 4; lastKnownFileType = sourcecode.swift; path = SceneDelegate.swift; sourceTree = "<group>"; };
		3F37B3E328207CCA00DB18B7 /* AppDelegate.swift */ = {isa = PBXFileReference; fileEncoding = 4; lastKnownFileType = sourcecode.swift; path = AppDelegate.swift; sourceTree = "<group>"; };
		3F37B3E728207CFB00DB18B7 /* Reference.swift */ = {isa = PBXFileReference; fileEncoding = 4; lastKnownFileType = sourcecode.swift; path = Reference.swift; sourceTree = "<group>"; };
		3F37B3E928207D0200DB18B7 /* ReferenceProvider.swift */ = {isa = PBXFileReference; fileEncoding = 4; lastKnownFileType = sourcecode.swift; path = ReferenceProvider.swift; sourceTree = "<group>"; };
		3F66968B283103280077E5B3 /* UIColor+.swift */ = {isa = PBXFileReference; lastKnownFileType = sourcecode.swift; path = "UIColor+.swift"; sourceTree = "<group>"; };
		3F66969F2835BFB10077E5B3 /* ChatRoomListViewController.swift */ = {isa = PBXFileReference; lastKnownFileType = sourcecode.swift; path = ChatRoomListViewController.swift; sourceTree = "<group>"; };
		3F6696A12835BFD20077E5B3 /* ChatRoomListNavigator.swift */ = {isa = PBXFileReference; lastKnownFileType = sourcecode.swift; path = ChatRoomListNavigator.swift; sourceTree = "<group>"; };
		3F6696A32835BFDB0077E5B3 /* ChatRoomListViewModel.swift */ = {isa = PBXFileReference; lastKnownFileType = sourcecode.swift; path = ChatRoomListViewModel.swift; sourceTree = "<group>"; };
		3F6696A52835C12B0077E5B3 /* SettingViewController.swift */ = {isa = PBXFileReference; lastKnownFileType = sourcecode.swift; path = SettingViewController.swift; sourceTree = "<group>"; };
		3F6696A72835C15F0077E5B3 /* SettingViewModel.swift */ = {isa = PBXFileReference; lastKnownFileType = sourcecode.swift; path = SettingViewModel.swift; sourceTree = "<group>"; };
		3F6696A92835C16C0077E5B3 /* SettingNavigator.swift */ = {isa = PBXFileReference; lastKnownFileType = sourcecode.swift; path = SettingNavigator.swift; sourceTree = "<group>"; };
		3F6696AB283623810077E5B3 /* ChatRoomsUsecase.swift */ = {isa = PBXFileReference; lastKnownFileType = sourcecode.swift; path = ChatRoomsUsecase.swift; sourceTree = "<group>"; };
		3F6696AD283623A80077E5B3 /* ChatRoom.swift */ = {isa = PBXFileReference; lastKnownFileType = sourcecode.swift; path = ChatRoom.swift; sourceTree = "<group>"; };
		3F6696AF2836260C0077E5B3 /* FirebaseChatRoomsUsecase.swift */ = {isa = PBXFileReference; lastKnownFileType = sourcecode.swift; path = FirebaseChatRoomsUsecase.swift; sourceTree = "<group>"; };
		3FB3577F2821102500F27C77 /* GoogleService-Info.plist */ = {isa = PBXFileReference; fileEncoding = 4; lastKnownFileType = text.plist.xml; path = "GoogleService-Info.plist"; sourceTree = "<group>"; };
		3FB35785282406D200F27C77 /* ChatRoomSideMenuViewController.swift */ = {isa = PBXFileReference; lastKnownFileType = sourcecode.swift; path = ChatRoomSideMenuViewController.swift; sourceTree = "<group>"; };
		3FB357872824083200F27C77 /* ChatRoomSideMenuNavigator.swift */ = {isa = PBXFileReference; lastKnownFileType = sourcecode.swift; path = ChatRoomSideMenuNavigator.swift; sourceTree = "<group>"; };
		3FB3578928240D6600F27C77 /* ChatRoomSideMenuViewModel.swift */ = {isa = PBXFileReference; lastKnownFileType = sourcecode.swift; path = ChatRoomSideMenuViewModel.swift; sourceTree = "<group>"; };
		3FB3578E28250A1800F27C77 /* ChatRoomScheduleNavigator.swift */ = {isa = PBXFileReference; lastKnownFileType = sourcecode.swift; path = ChatRoomScheduleNavigator.swift; sourceTree = "<group>"; };
		3FB3579028250B4700F27C77 /* ChatRoomScheduleViewController.swift */ = {isa = PBXFileReference; lastKnownFileType = sourcecode.swift; path = ChatRoomScheduleViewController.swift; sourceTree = "<group>"; };
		3FB3579228250B5000F27C77 /* ChatRoomScheduleViewModel.swift */ = {isa = PBXFileReference; lastKnownFileType = sourcecode.swift; path = ChatRoomScheduleViewModel.swift; sourceTree = "<group>"; };
		3FB357972826053E00F27C77 /* ParticipantCell.swift */ = {isa = PBXFileReference; lastKnownFileType = sourcecode.swift; path = ParticipantCell.swift; sourceTree = "<group>"; };
		3FB357992826063C00F27C77 /* ParticipantItemViewModel.swift */ = {isa = PBXFileReference; lastKnownFileType = sourcecode.swift; path = ParticipantItemViewModel.swift; sourceTree = "<group>"; };
		3FB3579C282618A900F27C77 /* ScheduleCell.swift */ = {isa = PBXFileReference; lastKnownFileType = sourcecode.swift; path = ScheduleCell.swift; sourceTree = "<group>"; };
		3FB3579E282618D500F27C77 /* ScheduleItemViewModel.swift */ = {isa = PBXFileReference; lastKnownFileType = sourcecode.swift; path = ScheduleItemViewModel.swift; sourceTree = "<group>"; };
		3FB357A02826192A00F27C77 /* Discussion.swift */ = {isa = PBXFileReference; lastKnownFileType = sourcecode.swift; path = Discussion.swift; sourceTree = "<group>"; };
		3FB357A228261A7400F27C77 /* DiscussionUsecase.swift */ = {isa = PBXFileReference; lastKnownFileType = sourcecode.swift; path = DiscussionUsecase.swift; sourceTree = "<group>"; };
		3FB357A428261D4100F27C77 /* FirebaseDiscussionUsecase.swift */ = {isa = PBXFileReference; lastKnownFileType = sourcecode.swift; path = FirebaseDiscussionUsecase.swift; sourceTree = "<group>"; };
		3FB357A72826279200F27C77 /* AddDiscussionNavigator.swift */ = {isa = PBXFileReference; lastKnownFileType = sourcecode.swift; path = AddDiscussionNavigator.swift; sourceTree = "<group>"; };
		3FB357A92826295200F27C77 /* AddDiscussionViewModel.swift */ = {isa = PBXFileReference; lastKnownFileType = sourcecode.swift; path = AddDiscussionViewModel.swift; sourceTree = "<group>"; };
		3FB357AB2826297700F27C77 /* AddDiscussionViewController.swift */ = {isa = PBXFileReference; lastKnownFileType = sourcecode.swift; path = AddDiscussionViewController.swift; sourceTree = "<group>"; };
		3FF62D9E282D93F1001F343C /* Side.swift */ = {isa = PBXFileReference; lastKnownFileType = sourcecode.swift; path = Side.swift; sourceTree = "<group>"; };
/* End PBXFileReference section */

/* Begin PBXFrameworksBuildPhase section */
		3F37B3662820747500DB18B7 /* Frameworks */ = {
			isa = PBXFrameworksBuildPhase;
			buildActionMask = 2147483647;
			files = (
				3F37B3DA2820782600DB18B7 /* FirebaseDatabase in Frameworks */,
				3F37B3D1282077B700DB18B7 /* RxSwift in Frameworks */,
				3F37B3D7282077D400DB18B7 /* SnapKit in Frameworks */,
				3F37B3D4282077C700DB18B7 /* RxKeyboard in Frameworks */,
				3F37B3DD2820784E00DB18B7 /* SideMenu in Frameworks */,
				3F37B3CF282077B700DB18B7 /* RxCocoa in Frameworks */,
			);
			runOnlyForDeploymentPostprocessing = 0;
		};
/* End PBXFrameworksBuildPhase section */

/* Begin PBXGroup section */
		3F37B3602820747500DB18B7 = {
			isa = PBXGroup;
			children = (
				3F37B36B2820747500DB18B7 /* Discussion-Korea */,
				3F37B36A2820747500DB18B7 /* Products */,
				3FB357812821115A00F27C77 /* Frameworks */,
			);
			sourceTree = "<group>";
		};
		3F37B36A2820747500DB18B7 /* Products */ = {
			isa = PBXGroup;
			children = (
				3F37B3692820747500DB18B7 /* Discussion-Korea.app */,
			);
			name = Products;
			sourceTree = "<group>";
		};
		3F37B36B2820747500DB18B7 /* Discussion-Korea */ = {
			isa = PBXGroup;
			children = (
				3F37B3802820748B00DB18B7 /* Application */,
				3F37B3822820749A00DB18B7 /* Domain */,
				3F37B383282074A100DB18B7 /* FirebasePlatform */,
				3F37B3812820749100DB18B7 /* Presentation */,
				3F37B384282074C300DB18B7 /* Resources */,
			);
			path = "Discussion-Korea";
			sourceTree = "<group>";
		};
		3F37B3802820748B00DB18B7 /* Application */ = {
			isa = PBXGroup;
			children = (
				3F37B3E328207CCA00DB18B7 /* AppDelegate.swift */,
				3F37B3E128207CCA00DB18B7 /* Application.swift */,
				3F37B3E228207CCA00DB18B7 /* SceneDelegate.swift */,
			);
			path = Application;
			sourceTree = "<group>";
		};
		3F37B3812820749100DB18B7 /* Presentation */ = {
			isa = PBXGroup;
			children = (
				3F37B393282075DB00DB18B7 /* Common */,
				3F37B392282075D500DB18B7 /* Scenes */,
				3F37B391282075C400DB18B7 /* Utility */,
			);
			path = Presentation;
			sourceTree = "<group>";
		};
		3F37B3822820749A00DB18B7 /* Domain */ = {
			isa = PBXGroup;
			children = (
				3F37B3B7282076E000DB18B7 /* Entity */,
				3F37B3B8282076EE00DB18B7 /* Usecases */,
			);
			path = Domain;
			sourceTree = "<group>";
		};
		3F37B383282074A100DB18B7 /* FirebasePlatform */ = {
			isa = PBXGroup;
			children = (
				3F37B3BA2820771B00DB18B7 /* Reference */,
				3F37B3B92820770E00DB18B7 /* Usecases */,
			);
			path = FirebasePlatform;
			sourceTree = "<group>";
		};
		3F37B384282074C300DB18B7 /* Resources */ = {
			isa = PBXGroup;
			children = (
				3F37B38F282075AF00DB18B7 /* Assets.xcassets */,
				3FB3577F2821102500F27C77 /* GoogleService-Info.plist */,
				3F37B38B2820759D00DB18B7 /* Info.plist */,
				3F37B3772820747600DB18B7 /* LaunchScreen.storyboard */,
			);
			path = Resources;
			sourceTree = "<group>";
		};
		3F37B391282075C400DB18B7 /* Utility */ = {
			isa = PBXGroup;
			children = (
				3F37B3992820762D00DB18B7 /* NSObject+identifier.swift */,
				3F37B3982820762C00DB18B7 /* Observable+.swift */,
				3F66968B283103280077E5B3 /* UIColor+.swift */,
			);
			path = Utility;
			sourceTree = "<group>";
		};
		3F37B392282075D500DB18B7 /* Scenes */ = {
			isa = PBXGroup;
			children = (
				3FB357A62826276100F27C77 /* AddDiscussion */,
				3F37B39C2820763B00DB18B7 /* ChatRoom */,
				3F66969E2835BF5B0077E5B3 /* ChatRoomList */,
				3FB3578D282509E600F27C77 /* ChatRoomSchedule */,
				3FB35784282406AB00F27C77 /* ChatRoomSideMenu */,
				3F37B39D2820763F00DB18B7 /* Home */,
				3F66969D2835BF0E0077E5B3 /* Setting */,
			);
			path = Scenes;
			sourceTree = "<group>";
		};
		3F37B393282075DB00DB18B7 /* Common */ = {
			isa = PBXGroup;
			children = (
				3F37B394282075E400DB18B7 /* ViewModelType.swift */,
			);
			path = Common;
			sourceTree = "<group>";
		};
		3F37B39C2820763B00DB18B7 /* ChatRoom */ = {
			isa = PBXGroup;
			children = (
				3F37B3A62820765300DB18B7 /* View */,
				3F37B3A02820765100DB18B7 /* ChatItemViewModel.swift */,
				3F37B39E2820765100DB18B7 /* ChatRoomNavigator.swift */,
				3F37B3A12820765100DB18B7 /* ChatRoomViewController.swift */,
				3F37B39F2820765100DB18B7 /* ChatRoomViewModel.swift */,
			);
			path = ChatRoom;
			sourceTree = "<group>";
		};
		3F37B39D2820763F00DB18B7 /* Home */ = {
			isa = PBXGroup;
			children = (
				3F37B3B32820766400DB18B7 /* HomeNavigator.swift */,
				3F37B3B12820766400DB18B7 /* HomeViewController.swift */,
				3F37B3B22820766400DB18B7 /* HomeViewModel.swift */,
			);
			path = Home;
			sourceTree = "<group>";
		};
		3F37B3A62820765300DB18B7 /* View */ = {
			isa = PBXGroup;
			children = (
				3F37B3A82820765900DB18B7 /* ChatCell.swift */,
				3F37B3AB2820765900DB18B7 /* OtherChatCell.swift */,
				3F37B3A72820765900DB18B7 /* PaddingLabel.swift */,
				3F37B3A92820765900DB18B7 /* SelfChatCell.swift */,
				3F37B3AA2820765900DB18B7 /* SerialOtherChatCell.swift */,
			);
			path = View;
			sourceTree = "<group>";
		};
		3F37B3B7282076E000DB18B7 /* Entity */ = {
			isa = PBXGroup;
			children = (
				3F37B3C32820773600DB18B7 /* Chat.swift */,
				3F6696AD283623A80077E5B3 /* ChatRoom.swift */,
				3F37B3C42820773600DB18B7 /* UserInfo.swift */,
				3FB357A02826192A00F27C77 /* Discussion.swift */,
				3FF62D9E282D93F1001F343C /* Side.swift */,
			);
			path = Entity;
			sourceTree = "<group>";
		};
		3F37B3B8282076EE00DB18B7 /* Usecases */ = {
			isa = PBXGroup;
			children = (
				3F6696AB283623810077E5B3 /* ChatRoomsUsecase.swift */,
				3F37B3C92820773C00DB18B7 /* ChatsUsecase.swift */,
				3FB357A228261A7400F27C77 /* DiscussionUsecase.swift */,
				3F37B3C72820773C00DB18B7 /* UsecaseProvider.swift */,
				3F37B3C82820773C00DB18B7 /* UserInfoUsecase.swift */,
			);
			path = Usecases;
			sourceTree = "<group>";
		};
		3F37B3B92820770E00DB18B7 /* Usecases */ = {
			isa = PBXGroup;
			children = (
				3F6696AF2836260C0077E5B3 /* FirebaseChatRoomsUsecase.swift */,
				3F37B3BF2820772A00DB18B7 /* FirebaseChatsUsecase.swift */,
				3FB357A428261D4100F27C77 /* FirebaseDiscussionUsecase.swift */,
				3F37B3C02820772A00DB18B7 /* FirebaseUsecaseProvider.swift */,
				3F37B3DE28207A9000DB18B7 /* FirebaseUserInfoUsecase.swift */,
			);
			path = Usecases;
			sourceTree = "<group>";
		};
		3F37B3BA2820771B00DB18B7 /* Reference */ = {
			isa = PBXGroup;
			children = (
				3F37B3E728207CFB00DB18B7 /* Reference.swift */,
				3F37B3E928207D0200DB18B7 /* ReferenceProvider.swift */,
			);
			path = Reference;
			sourceTree = "<group>";
		};
		3F66969D2835BF0E0077E5B3 /* Setting */ = {
			isa = PBXGroup;
			children = (
				3F6696A92835C16C0077E5B3 /* SettingNavigator.swift */,
				3F6696A52835C12B0077E5B3 /* SettingViewController.swift */,
				3F6696A72835C15F0077E5B3 /* SettingViewModel.swift */,
			);
			path = Setting;
			sourceTree = "<group>";
		};
		3F66969E2835BF5B0077E5B3 /* ChatRoomList */ = {
			isa = PBXGroup;
			children = (
				3F6696A12835BFD20077E5B3 /* ChatRoomListNavigator.swift */,
				3F66969F2835BFB10077E5B3 /* ChatRoomListViewController.swift */,
				3F6696A32835BFDB0077E5B3 /* ChatRoomListViewModel.swift */,
			);
			path = ChatRoomList;
			sourceTree = "<group>";
		};
		3FB357812821115A00F27C77 /* Frameworks */ = {
			isa = PBXGroup;
			children = (
			);
			name = Frameworks;
			sourceTree = "<group>";
		};
		3FB35784282406AB00F27C77 /* ChatRoomSideMenu */ = {
			isa = PBXGroup;
			children = (
				3FB357962826050D00F27C77 /* View */,
				3FB35785282406D200F27C77 /* ChatRoomSideMenuViewController.swift */,
				3FB357872824083200F27C77 /* ChatRoomSideMenuNavigator.swift */,
				3FB3578928240D6600F27C77 /* ChatRoomSideMenuViewModel.swift */,
				3FB357992826063C00F27C77 /* ParticipantItemViewModel.swift */,
			);
			path = ChatRoomSideMenu;
			sourceTree = "<group>";
		};
		3FB3578D282509E600F27C77 /* ChatRoomSchedule */ = {
			isa = PBXGroup;
			children = (
				3FB3579B2826188B00F27C77 /* View */,
				3FB3579028250B4700F27C77 /* ChatRoomScheduleViewController.swift */,
				3FB3578E28250A1800F27C77 /* ChatRoomScheduleNavigator.swift */,
				3FB3579228250B5000F27C77 /* ChatRoomScheduleViewModel.swift */,
				3FB3579E282618D500F27C77 /* ScheduleItemViewModel.swift */,
			);
			path = ChatRoomSchedule;
			sourceTree = "<group>";
		};
		3FB357962826050D00F27C77 /* View */ = {
			isa = PBXGroup;
			children = (
				3FB357972826053E00F27C77 /* ParticipantCell.swift */,
			);
			path = View;
			sourceTree = "<group>";
		};
		3FB3579B2826188B00F27C77 /* View */ = {
			isa = PBXGroup;
			children = (
				3FB3579C282618A900F27C77 /* ScheduleCell.swift */,
			);
			path = View;
			sourceTree = "<group>";
		};
		3FB357A62826276100F27C77 /* AddDiscussion */ = {
			isa = PBXGroup;
			children = (
				3FB357A72826279200F27C77 /* AddDiscussionNavigator.swift */,
				3FB357AB2826297700F27C77 /* AddDiscussionViewController.swift */,
				3FB357A92826295200F27C77 /* AddDiscussionViewModel.swift */,
			);
			path = AddDiscussion;
			sourceTree = "<group>";
		};
/* End PBXGroup section */

/* Begin PBXNativeTarget section */
		3F37B3682820747500DB18B7 /* Discussion-Korea */ = {
			isa = PBXNativeTarget;
			buildConfigurationList = 3F37B37D2820747600DB18B7 /* Build configuration list for PBXNativeTarget "Discussion-Korea" */;
			buildPhases = (
				3F37B3652820747500DB18B7 /* Sources */,
				3F37B3662820747500DB18B7 /* Frameworks */,
				3F37B3672820747500DB18B7 /* Resources */,
			);
			buildRules = (
			);
			dependencies = (
			);
			name = "Discussion-Korea";
			packageProductDependencies = (
				3F37B3CE282077B700DB18B7 /* RxCocoa */,
				3F37B3D0282077B700DB18B7 /* RxSwift */,
				3F37B3D3282077C700DB18B7 /* RxKeyboard */,
				3F37B3D6282077D400DB18B7 /* SnapKit */,
				3F37B3D92820782600DB18B7 /* FirebaseDatabase */,
				3F37B3DC2820784E00DB18B7 /* SideMenu */,
			);
			productName = "Discussion-Korea";
			productReference = 3F37B3692820747500DB18B7 /* Discussion-Korea.app */;
			productType = "com.apple.product-type.application";
		};
/* End PBXNativeTarget section */

/* Begin PBXProject section */
		3F37B3612820747500DB18B7 /* Project object */ = {
			isa = PBXProject;
			attributes = {
				BuildIndependentTargetsInParallel = 1;
				LastSwiftUpdateCheck = 1330;
				LastUpgradeCheck = 1330;
				TargetAttributes = {
					3F37B3682820747500DB18B7 = {
						CreatedOnToolsVersion = 13.3;
						LastSwiftMigration = 1330;
					};
				};
			};
			buildConfigurationList = 3F37B3642820747500DB18B7 /* Build configuration list for PBXProject "Discussion-Korea" */;
			compatibilityVersion = "Xcode 13.0";
			developmentRegion = en;
			hasScannedForEncodings = 0;
			knownRegions = (
				en,
				Base,
			);
			mainGroup = 3F37B3602820747500DB18B7;
			packageReferences = (
				3F37B3CD282077B700DB18B7 /* XCRemoteSwiftPackageReference "RxSwift" */,
				3F37B3D2282077C700DB18B7 /* XCRemoteSwiftPackageReference "RxKeyboard" */,
				3F37B3D5282077D400DB18B7 /* XCRemoteSwiftPackageReference "SnapKit" */,
				3F37B3D82820782600DB18B7 /* XCRemoteSwiftPackageReference "firebase-ios-sdk" */,
				3F37B3DB2820784E00DB18B7 /* XCRemoteSwiftPackageReference "SideMenu" */,
			);
			productRefGroup = 3F37B36A2820747500DB18B7 /* Products */;
			projectDirPath = "";
			projectRoot = "";
			targets = (
				3F37B3682820747500DB18B7 /* Discussion-Korea */,
			);
		};
/* End PBXProject section */

/* Begin PBXResourcesBuildPhase section */
		3F37B3672820747500DB18B7 /* Resources */ = {
			isa = PBXResourcesBuildPhase;
			buildActionMask = 2147483647;
			files = (
				3F37B3792820747600DB18B7 /* LaunchScreen.storyboard in Resources */,
				3F37B390282075AF00DB18B7 /* Assets.xcassets in Resources */,
				3FB357802821102500F27C77 /* GoogleService-Info.plist in Resources */,
			);
			runOnlyForDeploymentPostprocessing = 0;
		};
/* End PBXResourcesBuildPhase section */

/* Begin PBXSourcesBuildPhase section */
		3F37B3652820747500DB18B7 /* Sources */ = {
			isa = PBXSourcesBuildPhase;
			buildActionMask = 2147483647;
			files = (
				3FB357AC2826297700F27C77 /* AddDiscussionViewController.swift in Sources */,
				3FB357982826053E00F27C77 /* ParticipantCell.swift in Sources */,
				3FF62D9F282D93F1001F343C /* Side.swift in Sources */,
				3F37B3CB2820773C00DB18B7 /* UserInfoUsecase.swift in Sources */,
				3F37B3B52820766400DB18B7 /* HomeViewModel.swift in Sources */,
				3FB357A328261A7400F27C77 /* DiscussionUsecase.swift in Sources */,
				3F37B3AE2820765900DB18B7 /* SelfChatCell.swift in Sources */,
				3F37B3A22820765100DB18B7 /* ChatRoomNavigator.swift in Sources */,
				3FB357882824083200F27C77 /* ChatRoomSideMenuNavigator.swift in Sources */,
				3F37B3E628207CCA00DB18B7 /* AppDelegate.swift in Sources */,
				3FB3579A2826063C00F27C77 /* ParticipantItemViewModel.swift in Sources */,
				3F37B396282075E400DB18B7 /* ViewModelType.swift in Sources */,
				3F37B3C62820773600DB18B7 /* UserInfo.swift in Sources */,
				3F37B3C12820772A00DB18B7 /* FirebaseChatsUsecase.swift in Sources */,
				3F37B3EA28207D0200DB18B7 /* ReferenceProvider.swift in Sources */,
				3F37B3B62820766400DB18B7 /* HomeNavigator.swift in Sources */,
				3F37B3A32820765100DB18B7 /* ChatRoomViewModel.swift in Sources */,
				3F6696A02835BFB20077E5B3 /* ChatRoomListViewController.swift in Sources */,
				3F6696AA2835C16C0077E5B3 /* SettingNavigator.swift in Sources */,
				3F66968C283103280077E5B3 /* UIColor+.swift in Sources */,
				3F37B3E528207CCA00DB18B7 /* SceneDelegate.swift in Sources */,
				3FB357AD282992CE00F27C77 /* Reference.swift in Sources */,
				3F37B39B2820762D00DB18B7 /* NSObject+identifier.swift in Sources */,
				3FB3578F28250A1800F27C77 /* ChatRoomScheduleNavigator.swift in Sources */,
				3FB3579F282618D500F27C77 /* ScheduleItemViewModel.swift in Sources */,
				3F37B3AD2820765900DB18B7 /* ChatCell.swift in Sources */,
				3F37B3CA2820773C00DB18B7 /* UsecaseProvider.swift in Sources */,
				3F6696A22835BFD20077E5B3 /* ChatRoomListNavigator.swift in Sources */,
				3F37B3A42820765100DB18B7 /* ChatItemViewModel.swift in Sources */,
				3FB3579128250B4700F27C77 /* ChatRoomScheduleViewController.swift in Sources */,
				3F37B3C52820773600DB18B7 /* Chat.swift in Sources */,
				3FB3579D282618A900F27C77 /* ScheduleCell.swift in Sources */,
				3FB35786282406D200F27C77 /* ChatRoomSideMenuViewController.swift in Sources */,
				3F6696A42835BFDB0077E5B3 /* ChatRoomListViewModel.swift in Sources */,
				3F37B3A52820765100DB18B7 /* ChatRoomViewController.swift in Sources */,
				3F37B39A2820762D00DB18B7 /* Observable+.swift in Sources */,
				3F6696AE283623A80077E5B3 /* ChatRoom.swift in Sources */,
				3F6696B02836260C0077E5B3 /* FirebaseChatRoomsUsecase.swift in Sources */,
				3F6696A62835C12B0077E5B3 /* SettingViewController.swift in Sources */,
				3FB357AA2826295200F27C77 /* AddDiscussionViewModel.swift in Sources */,
				3FB357A528261D4100F27C77 /* FirebaseDiscussionUsecase.swift in Sources */,
				3F6696AC283623810077E5B3 /* ChatRoomsUsecase.swift in Sources */,
				3F37B3DF28207A9100DB18B7 /* FirebaseUserInfoUsecase.swift in Sources */,
				3F37B3C22820772A00DB18B7 /* FirebaseUsecaseProvider.swift in Sources */,
				3F6696A82835C15F0077E5B3 /* SettingViewModel.swift in Sources */,
				3FB357A12826192A00F27C77 /* Discussion.swift in Sources */,
				3FB357A82826279200F27C77 /* AddDiscussionNavigator.swift in Sources */,
				3F37B3CC2820773C00DB18B7 /* ChatsUsecase.swift in Sources */,
				3F37B3B42820766400DB18B7 /* HomeViewController.swift in Sources */,
				3F37B3AF2820765900DB18B7 /* SerialOtherChatCell.swift in Sources */,
				3F37B3B02820765900DB18B7 /* OtherChatCell.swift in Sources */,
				3FB3579328250B5000F27C77 /* ChatRoomScheduleViewModel.swift in Sources */,
				3F37B3E428207CCA00DB18B7 /* Application.swift in Sources */,
				3FB3578A28240D6600F27C77 /* ChatRoomSideMenuViewModel.swift in Sources */,
				3F37B3AC2820765900DB18B7 /* PaddingLabel.swift in Sources */,
			);
			runOnlyForDeploymentPostprocessing = 0;
		};
/* End PBXSourcesBuildPhase section */

/* Begin PBXVariantGroup section */
		3F37B3772820747600DB18B7 /* LaunchScreen.storyboard */ = {
			isa = PBXVariantGroup;
			children = (
				3F37B3782820747600DB18B7 /* Base */,
			);
			name = LaunchScreen.storyboard;
			sourceTree = "<group>";
		};
/* End PBXVariantGroup section */

/* Begin XCBuildConfiguration section */
		3F37B37B2820747600DB18B7 /* Debug */ = {
			isa = XCBuildConfiguration;
			buildSettings = {
				ALWAYS_SEARCH_USER_PATHS = NO;
				CLANG_ANALYZER_NONNULL = YES;
				CLANG_ANALYZER_NUMBER_OBJECT_CONVERSION = YES_AGGRESSIVE;
				CLANG_CXX_LANGUAGE_STANDARD = "gnu++17";
				CLANG_ENABLE_MODULES = YES;
				CLANG_ENABLE_OBJC_ARC = YES;
				CLANG_ENABLE_OBJC_WEAK = YES;
				CLANG_WARN_BLOCK_CAPTURE_AUTORELEASING = YES;
				CLANG_WARN_BOOL_CONVERSION = YES;
				CLANG_WARN_COMMA = YES;
				CLANG_WARN_CONSTANT_CONVERSION = YES;
				CLANG_WARN_DEPRECATED_OBJC_IMPLEMENTATIONS = YES;
				CLANG_WARN_DIRECT_OBJC_ISA_USAGE = YES_ERROR;
				CLANG_WARN_DOCUMENTATION_COMMENTS = YES;
				CLANG_WARN_EMPTY_BODY = YES;
				CLANG_WARN_ENUM_CONVERSION = YES;
				CLANG_WARN_INFINITE_RECURSION = YES;
				CLANG_WARN_INT_CONVERSION = YES;
				CLANG_WARN_NON_LITERAL_NULL_CONVERSION = YES;
				CLANG_WARN_OBJC_IMPLICIT_RETAIN_SELF = YES;
				CLANG_WARN_OBJC_LITERAL_CONVERSION = YES;
				CLANG_WARN_OBJC_ROOT_CLASS = YES_ERROR;
				CLANG_WARN_QUOTED_INCLUDE_IN_FRAMEWORK_HEADER = YES;
				CLANG_WARN_RANGE_LOOP_ANALYSIS = YES;
				CLANG_WARN_STRICT_PROTOTYPES = YES;
				CLANG_WARN_SUSPICIOUS_MOVE = YES;
				CLANG_WARN_UNGUARDED_AVAILABILITY = YES_AGGRESSIVE;
				CLANG_WARN_UNREACHABLE_CODE = YES;
				CLANG_WARN__DUPLICATE_METHOD_MATCH = YES;
				COPY_PHASE_STRIP = NO;
				DEBUG_INFORMATION_FORMAT = dwarf;
				ENABLE_STRICT_OBJC_MSGSEND = YES;
				ENABLE_TESTABILITY = YES;
				GCC_C_LANGUAGE_STANDARD = gnu11;
				GCC_DYNAMIC_NO_PIC = NO;
				GCC_NO_COMMON_BLOCKS = YES;
				GCC_OPTIMIZATION_LEVEL = 0;
				GCC_PREPROCESSOR_DEFINITIONS = (
					"DEBUG=1",
					"$(inherited)",
				);
				GCC_WARN_64_TO_32_BIT_CONVERSION = YES;
				GCC_WARN_ABOUT_RETURN_TYPE = YES_ERROR;
				GCC_WARN_UNDECLARED_SELECTOR = YES;
				GCC_WARN_UNINITIALIZED_AUTOS = YES_AGGRESSIVE;
				GCC_WARN_UNUSED_FUNCTION = YES;
				GCC_WARN_UNUSED_VARIABLE = YES;
				IPHONEOS_DEPLOYMENT_TARGET = 13.0;
				MTL_ENABLE_DEBUG_INFO = INCLUDE_SOURCE;
				MTL_FAST_MATH = YES;
				ONLY_ACTIVE_ARCH = YES;
				SDKROOT = iphoneos;
				SWIFT_ACTIVE_COMPILATION_CONDITIONS = DEBUG;
				SWIFT_OPTIMIZATION_LEVEL = "-Onone";
			};
			name = Debug;
		};
		3F37B37C2820747600DB18B7 /* Release */ = {
			isa = XCBuildConfiguration;
			buildSettings = {
				ALWAYS_SEARCH_USER_PATHS = NO;
				CLANG_ANALYZER_NONNULL = YES;
				CLANG_ANALYZER_NUMBER_OBJECT_CONVERSION = YES_AGGRESSIVE;
				CLANG_CXX_LANGUAGE_STANDARD = "gnu++17";
				CLANG_ENABLE_MODULES = YES;
				CLANG_ENABLE_OBJC_ARC = YES;
				CLANG_ENABLE_OBJC_WEAK = YES;
				CLANG_WARN_BLOCK_CAPTURE_AUTORELEASING = YES;
				CLANG_WARN_BOOL_CONVERSION = YES;
				CLANG_WARN_COMMA = YES;
				CLANG_WARN_CONSTANT_CONVERSION = YES;
				CLANG_WARN_DEPRECATED_OBJC_IMPLEMENTATIONS = YES;
				CLANG_WARN_DIRECT_OBJC_ISA_USAGE = YES_ERROR;
				CLANG_WARN_DOCUMENTATION_COMMENTS = YES;
				CLANG_WARN_EMPTY_BODY = YES;
				CLANG_WARN_ENUM_CONVERSION = YES;
				CLANG_WARN_INFINITE_RECURSION = YES;
				CLANG_WARN_INT_CONVERSION = YES;
				CLANG_WARN_NON_LITERAL_NULL_CONVERSION = YES;
				CLANG_WARN_OBJC_IMPLICIT_RETAIN_SELF = YES;
				CLANG_WARN_OBJC_LITERAL_CONVERSION = YES;
				CLANG_WARN_OBJC_ROOT_CLASS = YES_ERROR;
				CLANG_WARN_QUOTED_INCLUDE_IN_FRAMEWORK_HEADER = YES;
				CLANG_WARN_RANGE_LOOP_ANALYSIS = YES;
				CLANG_WARN_STRICT_PROTOTYPES = YES;
				CLANG_WARN_SUSPICIOUS_MOVE = YES;
				CLANG_WARN_UNGUARDED_AVAILABILITY = YES_AGGRESSIVE;
				CLANG_WARN_UNREACHABLE_CODE = YES;
				CLANG_WARN__DUPLICATE_METHOD_MATCH = YES;
				COPY_PHASE_STRIP = NO;
				DEBUG_INFORMATION_FORMAT = "dwarf-with-dsym";
				ENABLE_NS_ASSERTIONS = NO;
				ENABLE_STRICT_OBJC_MSGSEND = YES;
				GCC_C_LANGUAGE_STANDARD = gnu11;
				GCC_NO_COMMON_BLOCKS = YES;
				GCC_WARN_64_TO_32_BIT_CONVERSION = YES;
				GCC_WARN_ABOUT_RETURN_TYPE = YES_ERROR;
				GCC_WARN_UNDECLARED_SELECTOR = YES;
				GCC_WARN_UNINITIALIZED_AUTOS = YES_AGGRESSIVE;
				GCC_WARN_UNUSED_FUNCTION = YES;
				GCC_WARN_UNUSED_VARIABLE = YES;
				IPHONEOS_DEPLOYMENT_TARGET = 13.0;
				MTL_ENABLE_DEBUG_INFO = NO;
				MTL_FAST_MATH = YES;
				SDKROOT = iphoneos;
				SWIFT_COMPILATION_MODE = wholemodule;
				SWIFT_OPTIMIZATION_LEVEL = "-O";
				VALIDATE_PRODUCT = YES;
			};
			name = Release;
		};
		3F37B37E2820747600DB18B7 /* Debug */ = {
			isa = XCBuildConfiguration;
			buildSettings = {
				ASSETCATALOG_COMPILER_APPICON_NAME = AppIcon;
				ASSETCATALOG_COMPILER_GLOBAL_ACCENT_COLOR_NAME = AccentColor;
				CLANG_ENABLE_MODULES = YES;
				CODE_SIGN_STYLE = Automatic;
				CURRENT_PROJECT_VERSION = 1;
				DEVELOPMENT_TEAM = 4PL3T83JJM;
				GENERATE_INFOPLIST_FILE = YES;
				INFOPLIST_FILE = "Discussion-Korea/Resources/Info.plist";
				INFOPLIST_KEY_CFBundleDisplayName = "방구석대한민국";
				INFOPLIST_KEY_UIApplicationSupportsIndirectInputEvents = YES;
				INFOPLIST_KEY_UILaunchStoryboardName = LaunchScreen;
				INFOPLIST_KEY_UISupportedInterfaceOrientations_iPad = "UIInterfaceOrientationPortrait UIInterfaceOrientationPortraitUpsideDown UIInterfaceOrientationLandscapeLeft UIInterfaceOrientationLandscapeRight";
				INFOPLIST_KEY_UISupportedInterfaceOrientations_iPhone = "UIInterfaceOrientationPortrait UIInterfaceOrientationLandscapeLeft UIInterfaceOrientationLandscapeRight";
				IPHONEOS_DEPLOYMENT_TARGET = 13.0;
				LD_RUNPATH_SEARCH_PATHS = (
					"$(inherited)",
					"@executable_path/Frameworks",
				);
				MARKETING_VERSION = 1.0;
				PRODUCT_BUNDLE_IDENTIFIER = "bestowing.Discussion-Korea";
				PRODUCT_NAME = "$(TARGET_NAME)";
				SWIFT_EMIT_LOC_STRINGS = YES;
				SWIFT_OPTIMIZATION_LEVEL = "-Onone";
				SWIFT_VERSION = 5.0;
				TARGETED_DEVICE_FAMILY = 1;
			};
			name = Debug;
		};
		3F37B37F2820747600DB18B7 /* Release */ = {
			isa = XCBuildConfiguration;
			buildSettings = {
				ASSETCATALOG_COMPILER_APPICON_NAME = AppIcon;
				ASSETCATALOG_COMPILER_GLOBAL_ACCENT_COLOR_NAME = AccentColor;
				CLANG_ENABLE_MODULES = YES;
				CODE_SIGN_STYLE = Automatic;
				CURRENT_PROJECT_VERSION = 1;
				DEVELOPMENT_TEAM = 4PL3T83JJM;
				GENERATE_INFOPLIST_FILE = YES;
				INFOPLIST_FILE = "Discussion-Korea/Resources/Info.plist";
				INFOPLIST_KEY_CFBundleDisplayName = "방구석대한민국";
				INFOPLIST_KEY_UIApplicationSupportsIndirectInputEvents = YES;
				INFOPLIST_KEY_UILaunchStoryboardName = LaunchScreen;
				INFOPLIST_KEY_UISupportedInterfaceOrientations_iPad = "UIInterfaceOrientationPortrait UIInterfaceOrientationPortraitUpsideDown UIInterfaceOrientationLandscapeLeft UIInterfaceOrientationLandscapeRight";
				INFOPLIST_KEY_UISupportedInterfaceOrientations_iPhone = "UIInterfaceOrientationPortrait UIInterfaceOrientationLandscapeLeft UIInterfaceOrientationLandscapeRight";
				IPHONEOS_DEPLOYMENT_TARGET = 13.0;
				LD_RUNPATH_SEARCH_PATHS = (
					"$(inherited)",
					"@executable_path/Frameworks",
				);
				MARKETING_VERSION = 1.0;
				PRODUCT_BUNDLE_IDENTIFIER = "bestowing.Discussion-Korea";
				PRODUCT_NAME = "$(TARGET_NAME)";
				SWIFT_EMIT_LOC_STRINGS = YES;
				SWIFT_VERSION = 5.0;
				TARGETED_DEVICE_FAMILY = 1;
			};
			name = Release;
		};
/* End XCBuildConfiguration section */

/* Begin XCConfigurationList section */
		3F37B3642820747500DB18B7 /* Build configuration list for PBXProject "Discussion-Korea" */ = {
			isa = XCConfigurationList;
			buildConfigurations = (
				3F37B37B2820747600DB18B7 /* Debug */,
				3F37B37C2820747600DB18B7 /* Release */,
			);
			defaultConfigurationIsVisible = 0;
			defaultConfigurationName = Release;
		};
		3F37B37D2820747600DB18B7 /* Build configuration list for PBXNativeTarget "Discussion-Korea" */ = {
			isa = XCConfigurationList;
			buildConfigurations = (
				3F37B37E2820747600DB18B7 /* Debug */,
				3F37B37F2820747600DB18B7 /* Release */,
			);
			defaultConfigurationIsVisible = 0;
			defaultConfigurationName = Release;
		};
/* End XCConfigurationList section */

/* Begin XCRemoteSwiftPackageReference section */
		3F37B3CD282077B700DB18B7 /* XCRemoteSwiftPackageReference "RxSwift" */ = {
			isa = XCRemoteSwiftPackageReference;
			repositoryURL = "https://github.com/ReactiveX/RxSwift.git";
			requirement = {
				kind = upToNextMajorVersion;
				minimumVersion = 6.0.0;
			};
		};
		3F37B3D2282077C700DB18B7 /* XCRemoteSwiftPackageReference "RxKeyboard" */ = {
			isa = XCRemoteSwiftPackageReference;
			repositoryURL = "https://github.com/RxSwiftCommunity/RxKeyboard.git";
			requirement = {
				kind = upToNextMajorVersion;
				minimumVersion = 2.0.0;
			};
		};
		3F37B3D5282077D400DB18B7 /* XCRemoteSwiftPackageReference "SnapKit" */ = {
			isa = XCRemoteSwiftPackageReference;
			repositoryURL = "https://github.com/SnapKit/SnapKit.git";
			requirement = {
				kind = upToNextMajorVersion;
				minimumVersion = 5.0.0;
			};
		};
		3F37B3D82820782600DB18B7 /* XCRemoteSwiftPackageReference "firebase-ios-sdk" */ = {
			isa = XCRemoteSwiftPackageReference;
			repositoryURL = "https://github.com/firebase/firebase-ios-sdk";
			requirement = {
				kind = upToNextMajorVersion;
				minimumVersion = 8.0.0;
			};
		};
		3F37B3DB2820784E00DB18B7 /* XCRemoteSwiftPackageReference "SideMenu" */ = {
			isa = XCRemoteSwiftPackageReference;
			repositoryURL = "https://github.com/jonkykong/SideMenu.git";
			requirement = {
				kind = upToNextMajorVersion;
				minimumVersion = 6.0.0;
			};
		};
/* End XCRemoteSwiftPackageReference section */

/* Begin XCSwiftPackageProductDependency section */
		3F37B3CE282077B700DB18B7 /* RxCocoa */ = {
			isa = XCSwiftPackageProductDependency;
			package = 3F37B3CD282077B700DB18B7 /* XCRemoteSwiftPackageReference "RxSwift" */;
			productName = RxCocoa;
		};
		3F37B3D0282077B700DB18B7 /* RxSwift */ = {
			isa = XCSwiftPackageProductDependency;
			package = 3F37B3CD282077B700DB18B7 /* XCRemoteSwiftPackageReference "RxSwift" */;
			productName = RxSwift;
		};
		3F37B3D3282077C700DB18B7 /* RxKeyboard */ = {
			isa = XCSwiftPackageProductDependency;
			package = 3F37B3D2282077C700DB18B7 /* XCRemoteSwiftPackageReference "RxKeyboard" */;
			productName = RxKeyboard;
		};
		3F37B3D6282077D400DB18B7 /* SnapKit */ = {
			isa = XCSwiftPackageProductDependency;
			package = 3F37B3D5282077D400DB18B7 /* XCRemoteSwiftPackageReference "SnapKit" */;
			productName = SnapKit;
		};
		3F37B3D92820782600DB18B7 /* FirebaseDatabase */ = {
			isa = XCSwiftPackageProductDependency;
			package = 3F37B3D82820782600DB18B7 /* XCRemoteSwiftPackageReference "firebase-ios-sdk" */;
			productName = FirebaseDatabase;
		};
		3F37B3DC2820784E00DB18B7 /* SideMenu */ = {
			isa = XCSwiftPackageProductDependency;
			package = 3F37B3DB2820784E00DB18B7 /* XCRemoteSwiftPackageReference "SideMenu" */;
			productName = SideMenu;
		};
/* End XCSwiftPackageProductDependency section */
	};
	rootObject = 3F37B3612820747500DB18B7 /* Project object */;
}
