// !$*UTF8*$!
{
	archiveVersion = 1;
	classes = {
	};
	objectVersion = 55;
	objects = {

/* Begin PBXBuildFile section */
		3F66968E283185150077E5B3 /* SideManager.swift in Sources */ = {isa = PBXBuildFile; fileRef = 3F66968D283185140077E5B3 /* SideManager.swift */; };
		3F669690283185310077E5B3 /* Chat.swift in Sources */ = {isa = PBXBuildFile; fileRef = 3F66968F283185310077E5B3 /* Chat.swift */; };
		3F669693283267C00077E5B3 /* Discussion.swift in Sources */ = {isa = PBXBuildFile; fileRef = 3F669692283267C00077E5B3 /* Discussion.swift */; };
		3F66969528326A4F0077E5B3 /* DiscussionManager.swift in Sources */ = {isa = PBXBuildFile; fileRef = 3F66969428326A4F0077E5B3 /* DiscussionManager.swift */; };
		3F6696992834B12A0077E5B3 /* Side.swift in Sources */ = {isa = PBXBuildFile; fileRef = 3F6696982834B12A0077E5B3 /* Side.swift */; };
		3F66969C2834D7020077E5B3 /* SummaryManager.swift in Sources */ = {isa = PBXBuildFile; fileRef = 3F66969B2834D7020077E5B3 /* SummaryManager.swift */; };
		3F6696BA2836592B0077E5B3 /* Alamofire in Frameworks */ = {isa = PBXBuildFile; productRef = 3F6696B92836592B0077E5B3 /* Alamofire */; };
		3F97B3BB2815735A004F30A5 /* AppDelegate.swift in Sources */ = {isa = PBXBuildFile; fileRef = 3F97B3BA2815735A004F30A5 /* AppDelegate.swift */; };
		3F97B3BD2815735A004F30A5 /* SceneDelegate.swift in Sources */ = {isa = PBXBuildFile; fileRef = 3F97B3BC2815735A004F30A5 /* SceneDelegate.swift */; };
		3F97B3BF2815735A004F30A5 /* ViewController.swift in Sources */ = {isa = PBXBuildFile; fileRef = 3F97B3BE2815735A004F30A5 /* ViewController.swift */; };
		3F97B3C22815735A004F30A5 /* Main.storyboard in Resources */ = {isa = PBXBuildFile; fileRef = 3F97B3C02815735A004F30A5 /* Main.storyboard */; };
		3F97B3C42815735B004F30A5 /* Assets.xcassets in Resources */ = {isa = PBXBuildFile; fileRef = 3F97B3C32815735B004F30A5 /* Assets.xcassets */; };
		3F97B3C72815735B004F30A5 /* LaunchScreen.storyboard in Resources */ = {isa = PBXBuildFile; fileRef = 3F97B3C52815735B004F30A5 /* LaunchScreen.storyboard */; };
		3F97B3CF2815739D004F30A5 /* GoogleService-Info.plist in Resources */ = {isa = PBXBuildFile; fileRef = 3F97B3CE2815739D004F30A5 /* GoogleService-Info.plist */; };
		3F97B3D22815743D004F30A5 /* FirebaseDatabase in Frameworks */ = {isa = PBXBuildFile; productRef = 3F97B3D12815743D004F30A5 /* FirebaseDatabase */; };
/* End PBXBuildFile section */

/* Begin PBXFileReference section */
		3F66968D283185140077E5B3 /* SideManager.swift */ = {isa = PBXFileReference; lastKnownFileType = sourcecode.swift; path = SideManager.swift; sourceTree = "<group>"; };
		3F66968F283185310077E5B3 /* Chat.swift */ = {isa = PBXFileReference; lastKnownFileType = sourcecode.swift; path = Chat.swift; sourceTree = "<group>"; };
		3F669692283267C00077E5B3 /* Discussion.swift */ = {isa = PBXFileReference; lastKnownFileType = sourcecode.swift; path = Discussion.swift; sourceTree = "<group>"; };
		3F66969428326A4F0077E5B3 /* DiscussionManager.swift */ = {isa = PBXFileReference; lastKnownFileType = sourcecode.swift; path = DiscussionManager.swift; sourceTree = "<group>"; };
		3F6696982834B12A0077E5B3 /* Side.swift */ = {isa = PBXFileReference; lastKnownFileType = sourcecode.swift; path = Side.swift; sourceTree = "<group>"; };
		3F66969B2834D7020077E5B3 /* SummaryManager.swift */ = {isa = PBXFileReference; lastKnownFileType = sourcecode.swift; path = SummaryManager.swift; sourceTree = "<group>"; };
		3F97B3B72815735A004F30A5 /* Discussion-Korea-Backend.app */ = {isa = PBXFileReference; explicitFileType = wrapper.application; includeInIndex = 0; path = "Discussion-Korea-Backend.app"; sourceTree = BUILT_PRODUCTS_DIR; };
		3F97B3BA2815735A004F30A5 /* AppDelegate.swift */ = {isa = PBXFileReference; lastKnownFileType = sourcecode.swift; path = AppDelegate.swift; sourceTree = "<group>"; };
		3F97B3BC2815735A004F30A5 /* SceneDelegate.swift */ = {isa = PBXFileReference; lastKnownFileType = sourcecode.swift; path = SceneDelegate.swift; sourceTree = "<group>"; };
		3F97B3BE2815735A004F30A5 /* ViewController.swift */ = {isa = PBXFileReference; lastKnownFileType = sourcecode.swift; path = ViewController.swift; sourceTree = "<group>"; };
		3F97B3C12815735A004F30A5 /* Base */ = {isa = PBXFileReference; lastKnownFileType = file.storyboard; name = Base; path = Base.lproj/Main.storyboard; sourceTree = "<group>"; };
		3F97B3C32815735B004F30A5 /* Assets.xcassets */ = {isa = PBXFileReference; lastKnownFileType = folder.assetcatalog; path = Assets.xcassets; sourceTree = "<group>"; };
		3F97B3C62815735B004F30A5 /* Base */ = {isa = PBXFileReference; lastKnownFileType = file.storyboard; name = Base; path = Base.lproj/LaunchScreen.storyboard; sourceTree = "<group>"; };
		3F97B3C82815735B004F30A5 /* Info.plist */ = {isa = PBXFileReference; lastKnownFileType = text.plist.xml; path = Info.plist; sourceTree = "<group>"; };
		3F97B3CE2815739D004F30A5 /* GoogleService-Info.plist */ = {isa = PBXFileReference; fileEncoding = 4; lastKnownFileType = text.plist.xml; path = "GoogleService-Info.plist"; sourceTree = "<group>"; };
/* End PBXFileReference section */

/* Begin PBXFrameworksBuildPhase section */
		3F97B3B42815735A004F30A5 /* Frameworks */ = {
			isa = PBXFrameworksBuildPhase;
			buildActionMask = 2147483647;
			files = (
				3F97B3D22815743D004F30A5 /* FirebaseDatabase in Frameworks */,
				3F6696BA2836592B0077E5B3 /* Alamofire in Frameworks */,
			);
			runOnlyForDeploymentPostprocessing = 0;
		};
/* End PBXFrameworksBuildPhase section */

/* Begin PBXGroup section */
		3F669691283267B80077E5B3 /* Entity */ = {
			isa = PBXGroup;
			children = (
				3F66968F283185310077E5B3 /* Chat.swift */,
				3F669692283267C00077E5B3 /* Discussion.swift */,
				3F6696982834B12A0077E5B3 /* Side.swift */,
			);
			path = Entity;
			sourceTree = "<group>";
		};
		3F66969A2834D6F20077E5B3 /* Services */ = {
			isa = PBXGroup;
			children = (
				3F66969428326A4F0077E5B3 /* DiscussionManager.swift */,
				3F66968D283185140077E5B3 /* SideManager.swift */,
				3F66969B2834D7020077E5B3 /* SummaryManager.swift */,
			);
			path = Services;
			sourceTree = "<group>";
		};
		3F97B3AE2815735A004F30A5 = {
			isa = PBXGroup;
			children = (
				3F97B3B92815735A004F30A5 /* Discussion-Korea-Backend */,
				3F97B3B82815735A004F30A5 /* Products */,
			);
			sourceTree = "<group>";
		};
		3F97B3B82815735A004F30A5 /* Products */ = {
			isa = PBXGroup;
			children = (
				3F97B3B72815735A004F30A5 /* Discussion-Korea-Backend.app */,
			);
			name = Products;
			sourceTree = "<group>";
		};
		3F97B3B92815735A004F30A5 /* Discussion-Korea-Backend */ = {
			isa = PBXGroup;
			children = (
				3F66969A2834D6F20077E5B3 /* Services */,
				3F669691283267B80077E5B3 /* Entity */,
				3F97B3BA2815735A004F30A5 /* AppDelegate.swift */,
				3F97B3BC2815735A004F30A5 /* SceneDelegate.swift */,
				3F97B3BE2815735A004F30A5 /* ViewController.swift */,
				3F97B3C02815735A004F30A5 /* Main.storyboard */,
				3F97B3C32815735B004F30A5 /* Assets.xcassets */,
				3F97B3C52815735B004F30A5 /* LaunchScreen.storyboard */,
				3F97B3C82815735B004F30A5 /* Info.plist */,
				3F97B3CE2815739D004F30A5 /* GoogleService-Info.plist */,
			);
			path = "Discussion-Korea-Backend";
			sourceTree = "<group>";
		};
/* End PBXGroup section */

/* Begin PBXNativeTarget section */
		3F97B3B62815735A004F30A5 /* Discussion-Korea-Backend */ = {
			isa = PBXNativeTarget;
			buildConfigurationList = 3F97B3CB2815735B004F30A5 /* Build configuration list for PBXNativeTarget "Discussion-Korea-Backend" */;
			buildPhases = (
				3F97B3B32815735A004F30A5 /* Sources */,
				3F97B3B42815735A004F30A5 /* Frameworks */,
				3F97B3B52815735A004F30A5 /* Resources */,
			);
			buildRules = (
			);
			dependencies = (
			);
			name = "Discussion-Korea-Backend";
			packageProductDependencies = (
				3F97B3D12815743D004F30A5 /* FirebaseDatabase */,
				3F6696B92836592B0077E5B3 /* Alamofire */,
			);
			productName = "Discussion-Korea-Backend";
			productReference = 3F97B3B72815735A004F30A5 /* Discussion-Korea-Backend.app */;
			productType = "com.apple.product-type.application";
		};
/* End PBXNativeTarget section */

/* Begin PBXProject section */
		3F97B3AF2815735A004F30A5 /* Project object */ = {
			isa = PBXProject;
			attributes = {
				BuildIndependentTargetsInParallel = 1;
				LastSwiftUpdateCheck = 1330;
				LastUpgradeCheck = 1330;
				TargetAttributes = {
					3F97B3B62815735A004F30A5 = {
						CreatedOnToolsVersion = 13.3;
					};
				};
			};
			buildConfigurationList = 3F97B3B22815735A004F30A5 /* Build configuration list for PBXProject "Discussion-Korea-Backend" */;
			compatibilityVersion = "Xcode 13.0";
			developmentRegion = en;
			hasScannedForEncodings = 0;
			knownRegions = (
				en,
				Base,
			);
			mainGroup = 3F97B3AE2815735A004F30A5;
			packageReferences = (
				3F97B3D02815743D004F30A5 /* XCRemoteSwiftPackageReference "firebase-ios-sdk" */,
				3F6696B82836592B0077E5B3 /* XCRemoteSwiftPackageReference "Alamofire" */,
			);
			productRefGroup = 3F97B3B82815735A004F30A5 /* Products */;
			projectDirPath = "";
			projectRoot = "";
			targets = (
				3F97B3B62815735A004F30A5 /* Discussion-Korea-Backend */,
			);
		};
/* End PBXProject section */

/* Begin PBXResourcesBuildPhase section */
		3F97B3B52815735A004F30A5 /* Resources */ = {
			isa = PBXResourcesBuildPhase;
			buildActionMask = 2147483647;
			files = (
				3F97B3C72815735B004F30A5 /* LaunchScreen.storyboard in Resources */,
				3F97B3CF2815739D004F30A5 /* GoogleService-Info.plist in Resources */,
				3F97B3C42815735B004F30A5 /* Assets.xcassets in Resources */,
				3F97B3C22815735A004F30A5 /* Main.storyboard in Resources */,
			);
			runOnlyForDeploymentPostprocessing = 0;
		};
/* End PBXResourcesBuildPhase section */

/* Begin PBXSourcesBuildPhase section */
		3F97B3B32815735A004F30A5 /* Sources */ = {
			isa = PBXSourcesBuildPhase;
			buildActionMask = 2147483647;
			files = (
				3F66968E283185150077E5B3 /* SideManager.swift in Sources */,
				3F97B3BF2815735A004F30A5 /* ViewController.swift in Sources */,
				3F6696992834B12A0077E5B3 /* Side.swift in Sources */,
				3F97B3BB2815735A004F30A5 /* AppDelegate.swift in Sources */,
				3F669693283267C00077E5B3 /* Discussion.swift in Sources */,
				3F66969528326A4F0077E5B3 /* DiscussionManager.swift in Sources */,
				3F66969C2834D7020077E5B3 /* SummaryManager.swift in Sources */,
				3F669690283185310077E5B3 /* Chat.swift in Sources */,
				3F97B3BD2815735A004F30A5 /* SceneDelegate.swift in Sources */,
			);
			runOnlyForDeploymentPostprocessing = 0;
		};
/* End PBXSourcesBuildPhase section */

/* Begin PBXVariantGroup section */
		3F97B3C02815735A004F30A5 /* Main.storyboard */ = {
			isa = PBXVariantGroup;
			children = (
				3F97B3C12815735A004F30A5 /* Base */,
			);
			name = Main.storyboard;
			sourceTree = "<group>";
		};
		3F97B3C52815735B004F30A5 /* LaunchScreen.storyboard */ = {
			isa = PBXVariantGroup;
			children = (
				3F97B3C62815735B004F30A5 /* Base */,
			);
			name = LaunchScreen.storyboard;
			sourceTree = "<group>";
		};
/* End PBXVariantGroup section */

/* Begin XCBuildConfiguration section */
		3F97B3C92815735B004F30A5 /* Debug */ = {
			isa = XCBuildConfiguration;
			buildSettings = {
				ALWAYS_SEARCH_USER_PATHS = NO;
				CLANG_ANALYZER_NONNULL = YES;
				CLANG_ANALYZER_NUMBER_OBJECT_CONVERSION = YES_AGGRESSIVE;
				CLANG_CXX_LANGUAGE_STANDARD = "gnu++17";
				CLANG_ENABLE_MODULES = YES;
				CLANG_ENABLE_OBJC_ARC = YES;
				CLANG_ENABLE_OBJC_WEAK = YES;
				CLANG_WARN_BLOCK_CAPTURE_AUTORELEASING = YES;
				CLANG_WARN_BOOL_CONVERSION = YES;
				CLANG_WARN_COMMA = YES;
				CLANG_WARN_CONSTANT_CONVERSION = YES;
				CLANG_WARN_DEPRECATED_OBJC_IMPLEMENTATIONS = YES;
				CLANG_WARN_DIRECT_OBJC_ISA_USAGE = YES_ERROR;
				CLANG_WARN_DOCUMENTATION_COMMENTS = YES;
				CLANG_WARN_EMPTY_BODY = YES;
				CLANG_WARN_ENUM_CONVERSION = YES;
				CLANG_WARN_INFINITE_RECURSION = YES;
				CLANG_WARN_INT_CONVERSION = YES;
				CLANG_WARN_NON_LITERAL_NULL_CONVERSION = YES;
				CLANG_WARN_OBJC_IMPLICIT_RETAIN_SELF = YES;
				CLANG_WARN_OBJC_LITERAL_CONVERSION = YES;
				CLANG_WARN_OBJC_ROOT_CLASS = YES_ERROR;
				CLANG_WARN_QUOTED_INCLUDE_IN_FRAMEWORK_HEADER = YES;
				CLANG_WARN_RANGE_LOOP_ANALYSIS = YES;
				CLANG_WARN_STRICT_PROTOTYPES = YES;
				CLANG_WARN_SUSPICIOUS_MOVE = YES;
				CLANG_WARN_UNGUARDED_AVAILABILITY = YES_AGGRESSIVE;
				CLANG_WARN_UNREACHABLE_CODE = YES;
				CLANG_WARN__DUPLICATE_METHOD_MATCH = YES;
				COPY_PHASE_STRIP = NO;
				DEBUG_INFORMATION_FORMAT = dwarf;
				ENABLE_STRICT_OBJC_MSGSEND = YES;
				ENABLE_TESTABILITY = YES;
				GCC_C_LANGUAGE_STANDARD = gnu11;
				GCC_DYNAMIC_NO_PIC = NO;
				GCC_NO_COMMON_BLOCKS = YES;
				GCC_OPTIMIZATION_LEVEL = 0;
				GCC_PREPROCESSOR_DEFINITIONS = (
					"DEBUG=1",
					"$(inherited)",
				);
				GCC_WARN_64_TO_32_BIT_CONVERSION = YES;
				GCC_WARN_ABOUT_RETURN_TYPE = YES_ERROR;
				GCC_WARN_UNDECLARED_SELECTOR = YES;
				GCC_WARN_UNINITIALIZED_AUTOS = YES_AGGRESSIVE;
				GCC_WARN_UNUSED_FUNCTION = YES;
				GCC_WARN_UNUSED_VARIABLE = YES;
				IPHONEOS_DEPLOYMENT_TARGET = 15.4;
				MTL_ENABLE_DEBUG_INFO = INCLUDE_SOURCE;
				MTL_FAST_MATH = YES;
				ONLY_ACTIVE_ARCH = YES;
				SDKROOT = iphoneos;
				SWIFT_ACTIVE_COMPILATION_CONDITIONS = DEBUG;
				SWIFT_OPTIMIZATION_LEVEL = "-Onone";
			};
			name = Debug;
		};
		3F97B3CA2815735B004F30A5 /* Release */ = {
			isa = XCBuildConfiguration;
			buildSettings = {
				ALWAYS_SEARCH_USER_PATHS = NO;
				CLANG_ANALYZER_NONNULL = YES;
				CLANG_ANALYZER_NUMBER_OBJECT_CONVERSION = YES_AGGRESSIVE;
				CLANG_CXX_LANGUAGE_STANDARD = "gnu++17";
				CLANG_ENABLE_MODULES = YES;
				CLANG_ENABLE_OBJC_ARC = YES;
				CLANG_ENABLE_OBJC_WEAK = YES;
				CLANG_WARN_BLOCK_CAPTURE_AUTORELEASING = YES;
				CLANG_WARN_BOOL_CONVERSION = YES;
				CLANG_WARN_COMMA = YES;
				CLANG_WARN_CONSTANT_CONVERSION = YES;
				CLANG_WARN_DEPRECATED_OBJC_IMPLEMENTATIONS = YES;
				CLANG_WARN_DIRECT_OBJC_ISA_USAGE = YES_ERROR;
				CLANG_WARN_DOCUMENTATION_COMMENTS = YES;
				CLANG_WARN_EMPTY_BODY = YES;
				CLANG_WARN_ENUM_CONVERSION = YES;
				CLANG_WARN_INFINITE_RECURSION = YES;
				CLANG_WARN_INT_CONVERSION = YES;
				CLANG_WARN_NON_LITERAL_NULL_CONVERSION = YES;
				CLANG_WARN_OBJC_IMPLICIT_RETAIN_SELF = YES;
				CLANG_WARN_OBJC_LITERAL_CONVERSION = YES;
				CLANG_WARN_OBJC_ROOT_CLASS = YES_ERROR;
				CLANG_WARN_QUOTED_INCLUDE_IN_FRAMEWORK_HEADER = YES;
				CLANG_WARN_RANGE_LOOP_ANALYSIS = YES;
				CLANG_WARN_STRICT_PROTOTYPES = YES;
				CLANG_WARN_SUSPICIOUS_MOVE = YES;
				CLANG_WARN_UNGUARDED_AVAILABILITY = YES_AGGRESSIVE;
				CLANG_WARN_UNREACHABLE_CODE = YES;
				CLANG_WARN__DUPLICATE_METHOD_MATCH = YES;
				COPY_PHASE_STRIP = NO;
				DEBUG_INFORMATION_FORMAT = "dwarf-with-dsym";
				ENABLE_NS_ASSERTIONS = NO;
				ENABLE_STRICT_OBJC_MSGSEND = YES;
				GCC_C_LANGUAGE_STANDARD = gnu11;
				GCC_NO_COMMON_BLOCKS = YES;
				GCC_WARN_64_TO_32_BIT_CONVERSION = YES;
				GCC_WARN_ABOUT_RETURN_TYPE = YES_ERROR;
				GCC_WARN_UNDECLARED_SELECTOR = YES;
				GCC_WARN_UNINITIALIZED_AUTOS = YES_AGGRESSIVE;
				GCC_WARN_UNUSED_FUNCTION = YES;
				GCC_WARN_UNUSED_VARIABLE = YES;
				IPHONEOS_DEPLOYMENT_TARGET = 15.4;
				MTL_ENABLE_DEBUG_INFO = NO;
				MTL_FAST_MATH = YES;
				SDKROOT = iphoneos;
				SWIFT_COMPILATION_MODE = wholemodule;
				SWIFT_OPTIMIZATION_LEVEL = "-O";
				VALIDATE_PRODUCT = YES;
			};
			name = Release;
		};
		3F97B3CC2815735B004F30A5 /* Debug */ = {
			isa = XCBuildConfiguration;
			buildSettings = {
				ASSETCATALOG_COMPILER_APPICON_NAME = AppIcon;
				ASSETCATALOG_COMPILER_GLOBAL_ACCENT_COLOR_NAME = AccentColor;
				CODE_SIGN_STYLE = Automatic;
				CURRENT_PROJECT_VERSION = 1;
				DEVELOPMENT_TEAM = 4PL3T83JJM;
				GENERATE_INFOPLIST_FILE = YES;
				INFOPLIST_FILE = "Discussion-Korea-Backend/Info.plist";
				INFOPLIST_KEY_UIApplicationSupportsIndirectInputEvents = YES;
				INFOPLIST_KEY_UILaunchStoryboardName = LaunchScreen;
				INFOPLIST_KEY_UIMainStoryboardFile = Main;
				INFOPLIST_KEY_UISupportedInterfaceOrientations_iPad = "UIInterfaceOrientationPortrait UIInterfaceOrientationPortraitUpsideDown UIInterfaceOrientationLandscapeLeft UIInterfaceOrientationLandscapeRight";
				INFOPLIST_KEY_UISupportedInterfaceOrientations_iPhone = "UIInterfaceOrientationPortrait UIInterfaceOrientationLandscapeLeft UIInterfaceOrientationLandscapeRight";
				IPHONEOS_DEPLOYMENT_TARGET = 13.0;
				LD_RUNPATH_SEARCH_PATHS = (
					"$(inherited)",
					"@executable_path/Frameworks",
				);
				MARKETING_VERSION = 1.0;
				PRODUCT_BUNDLE_IDENTIFIER = "bestowing.Discussion-Korea-Backend";
				PRODUCT_NAME = "$(TARGET_NAME)";
				SWIFT_EMIT_LOC_STRINGS = YES;
				SWIFT_VERSION = 5.0;
				TARGETED_DEVICE_FAMILY = 1;
			};
			name = Debug;
		};
		3F97B3CD2815735B004F30A5 /* Release */ = {
			isa = XCBuildConfiguration;
			buildSettings = {
				ASSETCATALOG_COMPILER_APPICON_NAME = AppIcon;
				ASSETCATALOG_COMPILER_GLOBAL_ACCENT_COLOR_NAME = AccentColor;
				CODE_SIGN_STYLE = Automatic;
				CURRENT_PROJECT_VERSION = 1;
				DEVELOPMENT_TEAM = 4PL3T83JJM;
				GENERATE_INFOPLIST_FILE = YES;
				INFOPLIST_FILE = "Discussion-Korea-Backend/Info.plist";
				INFOPLIST_KEY_UIApplicationSupportsIndirectInputEvents = YES;
				INFOPLIST_KEY_UILaunchStoryboardName = LaunchScreen;
				INFOPLIST_KEY_UIMainStoryboardFile = Main;
				INFOPLIST_KEY_UISupportedInterfaceOrientations_iPad = "UIInterfaceOrientationPortrait UIInterfaceOrientationPortraitUpsideDown UIInterfaceOrientationLandscapeLeft UIInterfaceOrientationLandscapeRight";
				INFOPLIST_KEY_UISupportedInterfaceOrientations_iPhone = "UIInterfaceOrientationPortrait UIInterfaceOrientationLandscapeLeft UIInterfaceOrientationLandscapeRight";
				IPHONEOS_DEPLOYMENT_TARGET = 13.0;
				LD_RUNPATH_SEARCH_PATHS = (
					"$(inherited)",
					"@executable_path/Frameworks",
				);
				MARKETING_VERSION = 1.0;
				PRODUCT_BUNDLE_IDENTIFIER = "bestowing.Discussion-Korea-Backend";
				PRODUCT_NAME = "$(TARGET_NAME)";
				SWIFT_EMIT_LOC_STRINGS = YES;
				SWIFT_VERSION = 5.0;
				TARGETED_DEVICE_FAMILY = 1;
			};
			name = Release;
		};
/* End XCBuildConfiguration section */

/* Begin XCConfigurationList section */
		3F97B3B22815735A004F30A5 /* Build configuration list for PBXProject "Discussion-Korea-Backend" */ = {
			isa = XCConfigurationList;
			buildConfigurations = (
				3F97B3C92815735B004F30A5 /* Debug */,
				3F97B3CA2815735B004F30A5 /* Release */,
			);
			defaultConfigurationIsVisible = 0;
			defaultConfigurationName = Release;
		};
		3F97B3CB2815735B004F30A5 /* Build configuration list for PBXNativeTarget "Discussion-Korea-Backend" */ = {
			isa = XCConfigurationList;
			buildConfigurations = (
				3F97B3CC2815735B004F30A5 /* Debug */,
				3F97B3CD2815735B004F30A5 /* Release */,
			);
			defaultConfigurationIsVisible = 0;
			defaultConfigurationName = Release;
		};
/* End XCConfigurationList section */

/* Begin XCRemoteSwiftPackageReference section */
		3F6696B82836592B0077E5B3 /* XCRemoteSwiftPackageReference "Alamofire" */ = {
			isa = XCRemoteSwiftPackageReference;
			repositoryURL = "https://github.com/Alamofire/Alamofire.git";
			requirement = {
				kind = upToNextMajorVersion;
				minimumVersion = 5.0.0;
			};
		};
		3F97B3D02815743D004F30A5 /* XCRemoteSwiftPackageReference "firebase-ios-sdk" */ = {
			isa = XCRemoteSwiftPackageReference;
			repositoryURL = "https://github.com/firebase/firebase-ios-sdk";
			requirement = {
				kind = upToNextMajorVersion;
				minimumVersion = 8.0.0;
			};
		};
/* End XCRemoteSwiftPackageReference section */

/* Begin XCSwiftPackageProductDependency section */
		3F6696B92836592B0077E5B3 /* Alamofire */ = {
			isa = XCSwiftPackageProductDependency;
			package = 3F6696B82836592B0077E5B3 /* XCRemoteSwiftPackageReference "Alamofire" */;
			productName = Alamofire;
		};
		3F97B3D12815743D004F30A5 /* FirebaseDatabase */ = {
			isa = XCSwiftPackageProductDependency;
			package = 3F97B3D02815743D004F30A5 /* XCRemoteSwiftPackageReference "firebase-ios-sdk" */;
			productName = FirebaseDatabase;
		};
/* End XCSwiftPackageProductDependency section */
	};
	rootObject = 3F97B3AF2815735A004F30A5 /* Project object */;
}
